// !$*UTF8*$!
{
	archiveVersion = 1;
	classes = {
	};
	objectVersion = 46;
	objects = {

/* Begin PBXBuildFile section */
		7C7D5E171D93C9D1005A322A /* main.m in Sources */ = {isa = PBXBuildFile; fileRef = 7C7D5E161D93C9D1005A322A /* main.m */; };
		7C7D5E1F1D93CEBB005A322A /* GameCharacter.m in Sources */ = {isa = PBXBuildFile; fileRef = 7C7D5E1E1D93CEBB005A322A /* GameCharacter.m */; };
		7C7D5E221D93CEDE005A322A /* Warrior.m in Sources */ = {isa = PBXBuildFile; fileRef = 7C7D5E211D93CEDE005A322A /* Warrior.m */; };
		7C7D5E261D93CEF4005A322A /* Wizard.m in Sources */ = {isa = PBXBuildFile; fileRef = 7C7D5E251D93CEF4005A322A /* Wizard.m */; };
		7C7D5E291D93E559005A322A /* Person.m in Sources */ = {isa = PBXBuildFile; fileRef = 7C7D5E281D93E559005A322A /* Person.m */; };
		7C7D5E2C1D93E569005A322A /* Student.m in Sources */ = {isa = PBXBuildFile; fileRef = 7C7D5E2B1D93E569005A322A /* Student.m */; };
		7C7D5E2F1D93E578005A322A /* UniStudent.m in Sources */ = {isa = PBXBuildFile; fileRef = 7C7D5E2E1D93E578005A322A /* UniStudent.m */; };
		7C7D5E321D93E588005A322A /* Teacher.m in Sources */ = {isa = PBXBuildFile; fileRef = 7C7D5E311D93E588005A322A /* Teacher.m */; };
/* End PBXBuildFile section */

/* Begin PBXCopyFilesBuildPhase section */
		7C7D5E111D93C9D1005A322A /* CopyFiles */ = {
			isa = PBXCopyFilesBuildPhase;
			buildActionMask = 2147483647;
			dstPath = /usr/share/man/man1/;
			dstSubfolderSpec = 0;
			files = (
			);
			runOnlyForDeploymentPostprocessing = 1;
		};
/* End PBXCopyFilesBuildPhase section */

/* Begin PBXFileReference section */
		7C7D5E131D93C9D1005A322A /* exam0922 */ = {isa = PBXFileReference; explicitFileType = "compiled.mach-o.executable"; includeInIndex = 0; path = exam0922; sourceTree = BUILT_PRODUCTS_DIR; };
		7C7D5E161D93C9D1005A322A /* main.m */ = {isa = PBXFileReference; lastKnownFileType = sourcecode.c.objc; path = main.m; sourceTree = "<group>"; };
		7C7D5E1D1D93CEBB005A322A /* GameCharacter.h */ = {isa = PBXFileReference; fileEncoding = 4; lastKnownFileType = sourcecode.c.h; path = GameCharacter.h; sourceTree = SOURCE_ROOT; };
		7C7D5E1E1D93CEBB005A322A /* GameCharacter.m */ = {isa = PBXFileReference; fileEncoding = 4; lastKnownFileType = sourcecode.c.objc; path = GameCharacter.m; sourceTree = SOURCE_ROOT; };
		7C7D5E201D93CEDE005A322A /* Warrior.h */ = {isa = PBXFileReference; fileEncoding = 4; lastKnownFileType = sourcecode.c.h; path = Warrior.h; sourceTree = "<group>"; };
		7C7D5E211D93CEDE005A322A /* Warrior.m */ = {isa = PBXFileReference; fileEncoding = 4; lastKnownFileType = sourcecode.c.objc; path = Warrior.m; sourceTree = "<group>"; };
		7C7D5E241D93CEF4005A322A /* Wizard.h */ = {isa = PBXFileReference; fileEncoding = 4; lastKnownFileType = sourcecode.c.h; path = Wizard.h; sourceTree = "<group>"; };
		7C7D5E251D93CEF4005A322A /* Wizard.m */ = {isa = PBXFileReference; fileEncoding = 4; lastKnownFileType = sourcecode.c.objc; path = Wizard.m; sourceTree = "<group>"; };
		7C7D5E271D93E559005A322A /* Person.h */ = {isa = PBXFileReference; fileEncoding = 4; lastKnownFileType = sourcecode.c.h; path = Person.h; sourceTree = "<group>"; };
		7C7D5E281D93E559005A322A /* Person.m */ = {isa = PBXFileReference; fileEncoding = 4; lastKnownFileType = sourcecode.c.objc; path = Person.m; sourceTree = "<group>"; };
		7C7D5E2A1D93E569005A322A /* Student.h */ = {isa = PBXFileReference; fileEncoding = 4; lastKnownFileType = sourcecode.c.h; path = Student.h; sourceTree = "<group>"; };
		7C7D5E2B1D93E569005A322A /* Student.m */ = {isa = PBXFileReference; fileEncoding = 4; lastKnownFileType = sourcecode.c.objc; path = Student.m; sourceTree = "<group>"; };
		7C7D5E2D1D93E578005A322A /* UniStudent.h */ = {isa = PBXFileReference; fileEncoding = 4; lastKnownFileType = sourcecode.c.h; path = UniStudent.h; sourceTree = "<group>"; };
		7C7D5E2E1D93E578005A322A /* UniStudent.m */ = {isa = PBXFileReference; fileEncoding = 4; lastKnownFileType = sourcecode.c.objc; path = UniStudent.m; sourceTree = "<group>"; };
		7C7D5E301D93E588005A322A /* Teacher.h */ = {isa = PBXFileReference; fileEncoding = 4; lastKnownFileType = sourcecode.c.h; path = Teacher.h; sourceTree = "<group>"; };
		7C7D5E311D93E588005A322A /* Teacher.m */ = {isa = PBXFileReference; fileEncoding = 4; lastKnownFileType = sourcecode.c.objc; path = Teacher.m; sourceTree = "<group>"; };
/* End PBXFileReference section */

/* Begin PBXFrameworksBuildPhase section */
		7C7D5E101D93C9D1005A322A /* Frameworks */ = {
			isa = PBXFrameworksBuildPhase;
			buildActionMask = 2147483647;
			files = (
			);
			runOnlyForDeploymentPostprocessing = 0;
		};
/* End PBXFrameworksBuildPhase section */

/* Begin PBXGroup section */
		7C7D5E0A1D93C9D1005A322A = {
			isa = PBXGroup;
			children = (
				7C7D5E151D93C9D1005A322A /* exam0922 */,
				7C7D5E141D93C9D1005A322A /* Products */,
			);
			sourceTree = "<group>";
		};
		7C7D5E141D93C9D1005A322A /* Products */ = {
			isa = PBXGroup;
			children = (
				7C7D5E131D93C9D1005A322A /* exam0922 */,
			);
			name = Products;
			sourceTree = "<group>";
		};
		7C7D5E151D93C9D1005A322A /* exam0922 */ = {
			isa = PBXGroup;
			children = (
				7C7D5E161D93C9D1005A322A /* main.m */,
				7C7D5E301D93E588005A322A /* Teacher.h */,
				7C7D5E311D93E588005A322A /* Teacher.m */,
				7C7D5E2D1D93E578005A322A /* UniStudent.h */,
				7C7D5E2E1D93E578005A322A /* UniStudent.m */,
				7C7D5E2A1D93E569005A322A /* Student.h */,
				7C7D5E2B1D93E569005A322A /* Student.m */,
				7C7D5E271D93E559005A322A /* Person.h */,
				7C7D5E281D93E559005A322A /* Person.m */,
				7C7D5E241D93CEF4005A322A /* Wizard.h */,
				7C7D5E251D93CEF4005A322A /* Wizard.m */,
				7C7D5E201D93CEDE005A322A /* Warrior.h */,
				7C7D5E211D93CEDE005A322A /* Warrior.m */,
				7C7D5E1D1D93CEBB005A322A /* GameCharacter.h */,
				7C7D5E1E1D93CEBB005A322A /* GameCharacter.m */,
			);
			path = exam0922;
			sourceTree = "<group>";
		};
/* End PBXGroup section */

/* Begin PBXNativeTarget section */
		7C7D5E121D93C9D1005A322A /* exam0922 */ = {
			isa = PBXNativeTarget;
			buildConfigurationList = 7C7D5E1A1D93C9D1005A322A /* Build configuration list for PBXNativeTarget "exam0922" */;
			buildPhases = (
				7C7D5E0F1D93C9D1005A322A /* Sources */,
				7C7D5E101D93C9D1005A322A /* Frameworks */,
				7C7D5E111D93C9D1005A322A /* CopyFiles */,
			);
			buildRules = (
			);
			dependencies = (
			);
			name = exam0922;
			productName = exam0922;
			productReference = 7C7D5E131D93C9D1005A322A /* exam0922 */;
			productType = "com.apple.product-type.tool";
		};
/* End PBXNativeTarget section */

/* Begin PBXProject section */
		7C7D5E0B1D93C9D1005A322A /* Project object */ = {
			isa = PBXProject;
			attributes = {
				LastUpgradeCheck = 0800;
				ORGANIZATIONNAME = Yang;
				TargetAttributes = {
					7C7D5E121D93C9D1005A322A = {
						CreatedOnToolsVersion = 8.0;
						ProvisioningStyle = Automatic;
					};
				};
			};
			buildConfigurationList = 7C7D5E0E1D93C9D1005A322A /* Build configuration list for PBXProject "exam0922" */;
			compatibilityVersion = "Xcode 3.2";
			developmentRegion = English;
			hasScannedForEncodings = 0;
			knownRegions = (
				en,
			);
			mainGroup = 7C7D5E0A1D93C9D1005A322A;
			productRefGroup = 7C7D5E141D93C9D1005A322A /* Products */;
			projectDirPath = "";
			projectRoot = "";
			targets = (
				7C7D5E121D93C9D1005A322A /* exam0922 */,
			);
		};
/* End PBXProject section */

/* Begin PBXSourcesBuildPhase section */
		7C7D5E0F1D93C9D1005A322A /* Sources */ = {
			isa = PBXSourcesBuildPhase;
			buildActionMask = 2147483647;
			files = (
				7C7D5E321D93E588005A322A /* Teacher.m in Sources */,
				7C7D5E261D93CEF4005A322A /* Wizard.m in Sources */,
				7C7D5E221D93CEDE005A322A /* Warrior.m in Sources */,
				7C7D5E291D93E559005A322A /* Person.m in Sources */,
				7C7D5E171D93C9D1005A322A /* main.m in Sources */,
				7C7D5E2F1D93E578005A322A /* UniStudent.m in Sources */,
				7C7D5E1F1D93CEBB005A322A /* GameCharacter.m in Sources */,
				7C7D5E2C1D93E569005A322A /* Student.m in Sources */,
			);
			runOnlyForDeploymentPostprocessing = 0;
		};
/* End PBXSourcesBuildPhase section */

/* Begin XCBuildConfiguration section */
		7C7D5E181D93C9D1005A322A /* Debug */ = {
			isa = XCBuildConfiguration;
			buildSettings = {
				ALWAYS_SEARCH_USER_PATHS = NO;
				CLANG_ANALYZER_NONNULL = YES;
				CLANG_CXX_LANGUAGE_STANDARD = "gnu++0x";
				CLANG_CXX_LIBRARY = "libc++";
				CLANG_ENABLE_MODULES = YES;
				CLANG_ENABLE_OBJC_ARC = YES;
				CLANG_WARN_BOOL_CONVERSION = YES;
				CLANG_WARN_CONSTANT_CONVERSION = YES;
				CLANG_WARN_DIRECT_OBJC_ISA_USAGE = YES_ERROR;
				CLANG_WARN_DOCUMENTATION_COMMENTS = YES;
				CLANG_WARN_EMPTY_BODY = YES;
				CLANG_WARN_ENUM_CONVERSION = YES;
				CLANG_WARN_INFINITE_RECURSION = YES;
				CLANG_WARN_INT_CONVERSION = YES;
				CLANG_WARN_OBJC_ROOT_CLASS = YES_ERROR;
				CLANG_WARN_SUSPICIOUS_MOVES = YES;
				CLANG_WARN_UNREACHABLE_CODE = YES;
				CLANG_WARN__DUPLICATE_METHOD_MATCH = YES;
				CODE_SIGN_IDENTITY = "-";
				COPY_PHASE_STRIP = NO;
				DEBUG_INFORMATION_FORMAT = dwarf;
				ENABLE_STRICT_OBJC_MSGSEND = YES;
				ENABLE_TESTABILITY = YES;
				GCC_C_LANGUAGE_STANDARD = gnu99;
				GCC_DYNAMIC_NO_PIC = NO;
				GCC_NO_COMMON_BLOCKS = YES;
				GCC_OPTIMIZATION_LEVEL = 0;
				GCC_PREPROCESSOR_DEFINITIONS = (
					"DEBUG=1",
					"$(inherited)",
				);
				GCC_WARN_64_TO_32_BIT_CONVERSION = YES;
				GCC_WARN_ABOUT_RETURN_TYPE = YES_ERROR;
				GCC_WARN_UNDECLARED_SELECTOR = YES;
				GCC_WARN_UNINITIALIZED_AUTOS = YES_AGGRESSIVE;
				GCC_WARN_UNUSED_FUNCTION = YES;
				GCC_WARN_UNUSED_VARIABLE = YES;
				MACOSX_DEPLOYMENT_TARGET = 10.12;
				MTL_ENABLE_DEBUG_INFO = YES;
				ONLY_ACTIVE_ARCH = YES;
				SDKROOT = macosx;
			};
			name = Debug;
		};
		7C7D5E191D93C9D1005A322A /* Release */ = {
			isa = XCBuildConfiguration;
			buildSettings = {
				ALWAYS_SEARCH_USER_PATHS = NO;
				CLANG_ANALYZER_NONNULL = YES;
				CLANG_CXX_LANGUAGE_STANDARD = "gnu++0x";
				CLANG_CXX_LIBRARY = "libc++";
				CLANG_ENABLE_MODULES = YES;
				CLANG_ENABLE_OBJC_ARC = YES;
				CLANG_WARN_BOOL_CONVERSION = YES;
				CLANG_WARN_CONSTANT_CONVERSION = YES;
				CLANG_WARN_DIRECT_OBJC_ISA_USAGE = YES_ERROR;
				CLANG_WARN_DOCUMENTATION_COMMENTS = YES;
				CLANG_WARN_EMPTY_BODY = YES;
				CLANG_WARN_ENUM_CONVERSION = YES;
				CLANG_WARN_INFINITE_RECURSION = YES;
				CLANG_WARN_INT_CONVERSION = YES;
				CLANG_WARN_OBJC_ROOT_CLASS = YES_ERROR;
				CLANG_WARN_SUSPICIOUS_MOVES = YES;
				CLANG_WARN_UNREACHABLE_CODE = YES;
				CLANG_WARN__DUPLICATE_METHOD_MATCH = YES;
				CODE_SIGN_IDENTITY = "-";
				COPY_PHASE_STRIP = NO;
				DEBUG_INFORMATION_FORMAT = "dwarf-with-dsym";
				ENABLE_NS_ASSERTIONS = NO;
				ENABLE_STRICT_OBJC_MSGSEND = YES;
				GCC_C_LANGUAGE_STANDARD = gnu99;
				GCC_NO_COMMON_BLOCKS = YES;
				GCC_WARN_64_TO_32_BIT_CONVERSION = YES;
				GCC_WARN_ABOUT_RETURN_TYPE = YES_ERROR;
				GCC_WARN_UNDECLARED_SELECTOR = YES;
				GCC_WARN_UNINITIALIZED_AUTOS = YES_AGGRESSIVE;
				GCC_WARN_UNUSED_FUNCTION = YES;
				GCC_WARN_UNUSED_VARIABLE = YES;
				MACOSX_DEPLOYMENT_TARGET = 10.12;
				MTL_ENABLE_DEBUG_INFO = NO;
				SDKROOT = macosx;
			};
			name = Release;
		};
		7C7D5E1B1D93C9D1005A322A /* Debug */ = {
			isa = XCBuildConfiguration;
			buildSettings = {
				PRODUCT_NAME = "$(TARGET_NAME)";
			};
			name = Debug;
		};
		7C7D5E1C1D93C9D1005A322A /* Release */ = {
			isa = XCBuildConfiguration;
			buildSettings = {
				PRODUCT_NAME = "$(TARGET_NAME)";
			};
			name = Release;
		};
/* End XCBuildConfiguration section */

/* Begin XCConfigurationList section */
		7C7D5E0E1D93C9D1005A322A /* Build configuration list for PBXProject "exam0922" */ = {
			isa = XCConfigurationList;
			buildConfigurations = (
				7C7D5E181D93C9D1005A322A /* Debug */,
				7C7D5E191D93C9D1005A322A /* Release */,
			);
			defaultConfigurationIsVisible = 0;
			defaultConfigurationName = Release;
		};
		7C7D5E1A1D93C9D1005A322A /* Build configuration list for PBXNativeTarget "exam0922" */ = {
			isa = XCConfigurationList;
			buildConfigurations = (
				7C7D5E1B1D93C9D1005A322A /* Debug */,
				7C7D5E1C1D93C9D1005A322A /* Release */,
			);
			defaultConfigurationIsVisible = 0;
		};
/* End XCConfigurationList section */
	};
	rootObject = 7C7D5E0B1D93C9D1005A322A /* Project object */;
}
