// !$*UTF8*$!
{
	archiveVersion = 1;
	classes = {
	};
	objectVersion = 46;
	objects = {

/* Begin PBXBuildFile section */
		7C4A34B11DC075A400505A28 /* ViewController5.m in Sources */ = {isa = PBXBuildFile; fileRef = 7C4A34B01DC075A400505A28 /* ViewController5.m */; };
		7C4A34B41DC0800200505A28 /* ViewController6.m in Sources */ = {isa = PBXBuildFile; fileRef = 7C4A34B31DC0800200505A28 /* ViewController6.m */; };
		7C7340A71DBF4D3000E4BE5A /* main.m in Sources */ = {isa = PBXBuildFile; fileRef = 7C7340A61DBF4D3000E4BE5A /* main.m */; };
		7C7340AA1DBF4D3000E4BE5A /* AppDelegate.m in Sources */ = {isa = PBXBuildFile; fileRef = 7C7340A91DBF4D3000E4BE5A /* AppDelegate.m */; };
		7C7340AD1DBF4D3000E4BE5A /* ViewController.m in Sources */ = {isa = PBXBuildFile; fileRef = 7C7340AC1DBF4D3000E4BE5A /* ViewController.m */; };
		7C7340B01DBF4D3000E4BE5A /* Main.storyboard in Resources */ = {isa = PBXBuildFile; fileRef = 7C7340AE1DBF4D3000E4BE5A /* Main.storyboard */; };
		7C7340B21DBF4D3000E4BE5A /* Assets.xcassets in Resources */ = {isa = PBXBuildFile; fileRef = 7C7340B11DBF4D3000E4BE5A /* Assets.xcassets */; };
		7C7340B51DBF4D3000E4BE5A /* LaunchScreen.storyboard in Resources */ = {isa = PBXBuildFile; fileRef = 7C7340B31DBF4D3000E4BE5A /* LaunchScreen.storyboard */; };
		7C7340C01DBF4D3000E4BE5A /* TabBarHomeworkTests.m in Sources */ = {isa = PBXBuildFile; fileRef = 7C7340BF1DBF4D3000E4BE5A /* TabBarHomeworkTests.m */; };
		7C7340CB1DBF4D3000E4BE5A /* TabBarHomeworkUITests.m in Sources */ = {isa = PBXBuildFile; fileRef = 7C7340CA1DBF4D3000E4BE5A /* TabBarHomeworkUITests.m */; };
		7C7340DA1DC03D3000E4BE5A /* ViewController2.m in Sources */ = {isa = PBXBuildFile; fileRef = 7C7340D91DC03D3000E4BE5A /* ViewController2.m */; };
		7C7340DD1DC0400D00E4BE5A /* ViewController3.m in Sources */ = {isa = PBXBuildFile; fileRef = 7C7340DC1DC0400D00E4BE5A /* ViewController3.m */; };
		7C7340E01DC0645A00E4BE5A /* ViewController4.m in Sources */ = {isa = PBXBuildFile; fileRef = 7C7340DF1DC0645A00E4BE5A /* ViewController4.m */; };
/* End PBXBuildFile section */

/* Begin PBXContainerItemProxy section */
		7C7340BC1DBF4D3000E4BE5A /* PBXContainerItemProxy */ = {
			isa = PBXContainerItemProxy;
			containerPortal = 7C73409A1DBF4D3000E4BE5A /* Project object */;
			proxyType = 1;
			remoteGlobalIDString = 7C7340A11DBF4D3000E4BE5A;
			remoteInfo = TabBarHomework;
		};
		7C7340C71DBF4D3000E4BE5A /* PBXContainerItemProxy */ = {
			isa = PBXContainerItemProxy;
			containerPortal = 7C73409A1DBF4D3000E4BE5A /* Project object */;
			proxyType = 1;
			remoteGlobalIDString = 7C7340A11DBF4D3000E4BE5A;
			remoteInfo = TabBarHomework;
		};
/* End PBXContainerItemProxy section */

/* Begin PBXFileReference section */
		7C4A34AF1DC075A400505A28 /* ViewController5.h */ = {isa = PBXFileReference; fileEncoding = 4; lastKnownFileType = sourcecode.c.h; path = ViewController5.h; sourceTree = "<group>"; };
		7C4A34B01DC075A400505A28 /* ViewController5.m */ = {isa = PBXFileReference; fileEncoding = 4; lastKnownFileType = sourcecode.c.objc; path = ViewController5.m; sourceTree = "<group>"; };
		7C4A34B21DC0800200505A28 /* ViewController6.h */ = {isa = PBXFileReference; fileEncoding = 4; lastKnownFileType = sourcecode.c.h; path = ViewController6.h; sourceTree = "<group>"; };
		7C4A34B31DC0800200505A28 /* ViewController6.m */ = {isa = PBXFileReference; fileEncoding = 4; lastKnownFileType = sourcecode.c.objc; path = ViewController6.m; sourceTree = "<group>"; };
		7C7340A21DBF4D3000E4BE5A /* TabBarHomework.app */ = {isa = PBXFileReference; explicitFileType = wrapper.application; includeInIndex = 0; path = TabBarHomework.app; sourceTree = BUILT_PRODUCTS_DIR; };
		7C7340A61DBF4D3000E4BE5A /* main.m */ = {isa = PBXFileReference; lastKnownFileType = sourcecode.c.objc; path = main.m; sourceTree = "<group>"; };
		7C7340A81DBF4D3000E4BE5A /* AppDelegate.h */ = {isa = PBXFileReference; lastKnownFileType = sourcecode.c.h; path = AppDelegate.h; sourceTree = "<group>"; };
		7C7340A91DBF4D3000E4BE5A /* AppDelegate.m */ = {isa = PBXFileReference; lastKnownFileType = sourcecode.c.objc; path = AppDelegate.m; sourceTree = "<group>"; };
		7C7340AB1DBF4D3000E4BE5A /* ViewController.h */ = {isa = PBXFileReference; lastKnownFileType = sourcecode.c.h; path = ViewController.h; sourceTree = "<group>"; };
		7C7340AC1DBF4D3000E4BE5A /* ViewController.m */ = {isa = PBXFileReference; lastKnownFileType = sourcecode.c.objc; path = ViewController.m; sourceTree = "<group>"; };
		7C7340AF1DBF4D3000E4BE5A /* Base */ = {isa = PBXFileReference; lastKnownFileType = file.storyboard; name = Base; path = Base.lproj/Main.storyboard; sourceTree = "<group>"; };
		7C7340B11DBF4D3000E4BE5A /* Assets.xcassets */ = {isa = PBXFileReference; lastKnownFileType = folder.assetcatalog; path = Assets.xcassets; sourceTree = "<group>"; };
		7C7340B41DBF4D3000E4BE5A /* Base */ = {isa = PBXFileReference; lastKnownFileType = file.storyboard; name = Base; path = Base.lproj/LaunchScreen.storyboard; sourceTree = "<group>"; };
		7C7340B61DBF4D3000E4BE5A /* Info.plist */ = {isa = PBXFileReference; lastKnownFileType = text.plist.xml; path = Info.plist; sourceTree = "<group>"; };
		7C7340BB1DBF4D3000E4BE5A /* TabBarHomeworkTests.xctest */ = {isa = PBXFileReference; explicitFileType = wrapper.cfbundle; includeInIndex = 0; path = TabBarHomeworkTests.xctest; sourceTree = BUILT_PRODUCTS_DIR; };
		7C7340BF1DBF4D3000E4BE5A /* TabBarHomeworkTests.m */ = {isa = PBXFileReference; lastKnownFileType = sourcecode.c.objc; path = TabBarHomeworkTests.m; sourceTree = "<group>"; };
		7C7340C11DBF4D3000E4BE5A /* Info.plist */ = {isa = PBXFileReference; lastKnownFileType = text.plist.xml; path = Info.plist; sourceTree = "<group>"; };
		7C7340C61DBF4D3000E4BE5A /* TabBarHomeworkUITests.xctest */ = {isa = PBXFileReference; explicitFileType = wrapper.cfbundle; includeInIndex = 0; path = TabBarHomeworkUITests.xctest; sourceTree = BUILT_PRODUCTS_DIR; };
		7C7340CA1DBF4D3000E4BE5A /* TabBarHomeworkUITests.m */ = {isa = PBXFileReference; lastKnownFileType = sourcecode.c.objc; path = TabBarHomeworkUITests.m; sourceTree = "<group>"; };
		7C7340CC1DBF4D3000E4BE5A /* Info.plist */ = {isa = PBXFileReference; lastKnownFileType = text.plist.xml; path = Info.plist; sourceTree = "<group>"; };
		7C7340D81DC03D3000E4BE5A /* ViewController2.h */ = {isa = PBXFileReference; fileEncoding = 4; lastKnownFileType = sourcecode.c.h; path = ViewController2.h; sourceTree = "<group>"; };
		7C7340D91DC03D3000E4BE5A /* ViewController2.m */ = {isa = PBXFileReference; fileEncoding = 4; lastKnownFileType = sourcecode.c.objc; path = ViewController2.m; sourceTree = "<group>"; };
		7C7340DB1DC0400D00E4BE5A /* ViewController3.h */ = {isa = PBXFileReference; fileEncoding = 4; lastKnownFileType = sourcecode.c.h; path = ViewController3.h; sourceTree = "<group>"; };
		7C7340DC1DC0400D00E4BE5A /* ViewController3.m */ = {isa = PBXFileReference; fileEncoding = 4; lastKnownFileType = sourcecode.c.objc; path = ViewController3.m; sourceTree = "<group>"; };
		7C7340DE1DC0645A00E4BE5A /* ViewController4.h */ = {isa = PBXFileReference; fileEncoding = 4; lastKnownFileType = sourcecode.c.h; path = ViewController4.h; sourceTree = "<group>"; };
		7C7340DF1DC0645A00E4BE5A /* ViewController4.m */ = {isa = PBXFileReference; fileEncoding = 4; lastKnownFileType = sourcecode.c.objc; path = ViewController4.m; sourceTree = "<group>"; };
/* End PBXFileReference section */

/* Begin PBXFrameworksBuildPhase section */
		7C73409F1DBF4D3000E4BE5A /* Frameworks */ = {
			isa = PBXFrameworksBuildPhase;
			buildActionMask = 2147483647;
			files = (
			);
			runOnlyForDeploymentPostprocessing = 0;
		};
		7C7340B81DBF4D3000E4BE5A /* Frameworks */ = {
			isa = PBXFrameworksBuildPhase;
			buildActionMask = 2147483647;
			files = (
			);
			runOnlyForDeploymentPostprocessing = 0;
		};
		7C7340C31DBF4D3000E4BE5A /* Frameworks */ = {
			isa = PBXFrameworksBuildPhase;
			buildActionMask = 2147483647;
			files = (
			);
			runOnlyForDeploymentPostprocessing = 0;
		};
/* End PBXFrameworksBuildPhase section */

/* Begin PBXGroup section */
		7C7340991DBF4D3000E4BE5A = {
			isa = PBXGroup;
			children = (
				7C7340A41DBF4D3000E4BE5A /* TabBarHomework */,
				7C7340BE1DBF4D3000E4BE5A /* TabBarHomeworkTests */,
				7C7340C91DBF4D3000E4BE5A /* TabBarHomeworkUITests */,
				7C7340A31DBF4D3000E4BE5A /* Products */,
			);
			sourceTree = "<group>";
		};
		7C7340A31DBF4D3000E4BE5A /* Products */ = {
			isa = PBXGroup;
			children = (
				7C7340A21DBF4D3000E4BE5A /* TabBarHomework.app */,
				7C7340BB1DBF4D3000E4BE5A /* TabBarHomeworkTests.xctest */,
				7C7340C61DBF4D3000E4BE5A /* TabBarHomeworkUITests.xctest */,
			);
			name = Products;
			sourceTree = "<group>";
		};
		7C7340A41DBF4D3000E4BE5A /* TabBarHomework */ = {
			isa = PBXGroup;
			children = (
				7C7340A81DBF4D3000E4BE5A /* AppDelegate.h */,
				7C7340A91DBF4D3000E4BE5A /* AppDelegate.m */,
				7C4A34B21DC0800200505A28 /* ViewController6.h */,
				7C4A34B31DC0800200505A28 /* ViewController6.m */,
				7C4A34AF1DC075A400505A28 /* ViewController5.h */,
				7C4A34B01DC075A400505A28 /* ViewController5.m */,
				7C7340DE1DC0645A00E4BE5A /* ViewController4.h */,
				7C7340DF1DC0645A00E4BE5A /* ViewController4.m */,
				7C7340DB1DC0400D00E4BE5A /* ViewController3.h */,
				7C7340DC1DC0400D00E4BE5A /* ViewController3.m */,
				7C7340D81DC03D3000E4BE5A /* ViewController2.h */,
				7C7340D91DC03D3000E4BE5A /* ViewController2.m */,
				7C7340AB1DBF4D3000E4BE5A /* ViewController.h */,
				7C7340AC1DBF4D3000E4BE5A /* ViewController.m */,
				7C7340AE1DBF4D3000E4BE5A /* Main.storyboard */,
				7C7340B11DBF4D3000E4BE5A /* Assets.xcassets */,
				7C7340B31DBF4D3000E4BE5A /* LaunchScreen.storyboard */,
				7C7340B61DBF4D3000E4BE5A /* Info.plist */,
				7C7340A51DBF4D3000E4BE5A /* Supporting Files */,
			);
			path = TabBarHomework;
			sourceTree = "<group>";
		};
		7C7340A51DBF4D3000E4BE5A /* Supporting Files */ = {
			isa = PBXGroup;
			children = (
				7C7340A61DBF4D3000E4BE5A /* main.m */,
			);
			name = "Supporting Files";
			sourceTree = "<group>";
		};
		7C7340BE1DBF4D3000E4BE5A /* TabBarHomeworkTests */ = {
			isa = PBXGroup;
			children = (
				7C7340BF1DBF4D3000E4BE5A /* TabBarHomeworkTests.m */,
				7C7340C11DBF4D3000E4BE5A /* Info.plist */,
			);
			path = TabBarHomeworkTests;
			sourceTree = "<group>";
		};
		7C7340C91DBF4D3000E4BE5A /* TabBarHomeworkUITests */ = {
			isa = PBXGroup;
			children = (
				7C7340CA1DBF4D3000E4BE5A /* TabBarHomeworkUITests.m */,
				7C7340CC1DBF4D3000E4BE5A /* Info.plist */,
			);
			path = TabBarHomeworkUITests;
			sourceTree = "<group>";
		};
/* End PBXGroup section */

/* Begin PBXNativeTarget section */
		7C7340A11DBF4D3000E4BE5A /* TabBarHomework */ = {
			isa = PBXNativeTarget;
			buildConfigurationList = 7C7340CF1DBF4D3000E4BE5A /* Build configuration list for PBXNativeTarget "TabBarHomework" */;
			buildPhases = (
				7C73409E1DBF4D3000E4BE5A /* Sources */,
				7C73409F1DBF4D3000E4BE5A /* Frameworks */,
				7C7340A01DBF4D3000E4BE5A /* Resources */,
			);
			buildRules = (
			);
			dependencies = (
			);
			name = TabBarHomework;
			productName = TabBarHomework;
			productReference = 7C7340A21DBF4D3000E4BE5A /* TabBarHomework.app */;
			productType = "com.apple.product-type.application";
		};
		7C7340BA1DBF4D3000E4BE5A /* TabBarHomeworkTests */ = {
			isa = PBXNativeTarget;
			buildConfigurationList = 7C7340D21DBF4D3000E4BE5A /* Build configuration list for PBXNativeTarget "TabBarHomeworkTests" */;
			buildPhases = (
				7C7340B71DBF4D3000E4BE5A /* Sources */,
				7C7340B81DBF4D3000E4BE5A /* Frameworks */,
				7C7340B91DBF4D3000E4BE5A /* Resources */,
			);
			buildRules = (
			);
			dependencies = (
				7C7340BD1DBF4D3000E4BE5A /* PBXTargetDependency */,
			);
			name = TabBarHomeworkTests;
			productName = TabBarHomeworkTests;
			productReference = 7C7340BB1DBF4D3000E4BE5A /* TabBarHomeworkTests.xctest */;
			productType = "com.apple.product-type.bundle.unit-test";
		};
		7C7340C51DBF4D3000E4BE5A /* TabBarHomeworkUITests */ = {
			isa = PBXNativeTarget;
			buildConfigurationList = 7C7340D51DBF4D3000E4BE5A /* Build configuration list for PBXNativeTarget "TabBarHomeworkUITests" */;
			buildPhases = (
				7C7340C21DBF4D3000E4BE5A /* Sources */,
				7C7340C31DBF4D3000E4BE5A /* Frameworks */,
				7C7340C41DBF4D3000E4BE5A /* Resources */,
			);
			buildRules = (
			);
			dependencies = (
				7C7340C81DBF4D3000E4BE5A /* PBXTargetDependency */,
			);
			name = TabBarHomeworkUITests;
			productName = TabBarHomeworkUITests;
			productReference = 7C7340C61DBF4D3000E4BE5A /* TabBarHomeworkUITests.xctest */;
			productType = "com.apple.product-type.bundle.ui-testing";
		};
/* End PBXNativeTarget section */

/* Begin PBXProject section */
		7C73409A1DBF4D3000E4BE5A /* Project object */ = {
			isa = PBXProject;
			attributes = {
				LastUpgradeCheck = 0800;
				ORGANIZATIONNAME = Yang;
				TargetAttributes = {
					7C7340A11DBF4D3000E4BE5A = {
						CreatedOnToolsVersion = 8.0;
						ProvisioningStyle = Automatic;
					};
					7C7340BA1DBF4D3000E4BE5A = {
						CreatedOnToolsVersion = 8.0;
						ProvisioningStyle = Automatic;
						TestTargetID = 7C7340A11DBF4D3000E4BE5A;
					};
					7C7340C51DBF4D3000E4BE5A = {
						CreatedOnToolsVersion = 8.0;
						ProvisioningStyle = Automatic;
						TestTargetID = 7C7340A11DBF4D3000E4BE5A;
					};
				};
			};
			buildConfigurationList = 7C73409D1DBF4D3000E4BE5A /* Build configuration list for PBXProject "TabBarHomework" */;
			compatibilityVersion = "Xcode 3.2";
			developmentRegion = English;
			hasScannedForEncodings = 0;
			knownRegions = (
				en,
				Base,
			);
			mainGroup = 7C7340991DBF4D3000E4BE5A;
			productRefGroup = 7C7340A31DBF4D3000E4BE5A /* Products */;
			projectDirPath = "";
			projectRoot = "";
			targets = (
				7C7340A11DBF4D3000E4BE5A /* TabBarHomework */,
				7C7340BA1DBF4D3000E4BE5A /* TabBarHomeworkTests */,
				7C7340C51DBF4D3000E4BE5A /* TabBarHomeworkUITests */,
			);
		};
/* End PBXProject section */

/* Begin PBXResourcesBuildPhase section */
		7C7340A01DBF4D3000E4BE5A /* Resources */ = {
			isa = PBXResourcesBuildPhase;
			buildActionMask = 2147483647;
			files = (
				7C7340B51DBF4D3000E4BE5A /* LaunchScreen.storyboard in Resources */,
				7C7340B21DBF4D3000E4BE5A /* Assets.xcassets in Resources */,
				7C7340B01DBF4D3000E4BE5A /* Main.storyboard in Resources */,
			);
			runOnlyForDeploymentPostprocessing = 0;
		};
		7C7340B91DBF4D3000E4BE5A /* Resources */ = {
			isa = PBXResourcesBuildPhase;
			buildActionMask = 2147483647;
			files = (
			);
			runOnlyForDeploymentPostprocessing = 0;
		};
		7C7340C41DBF4D3000E4BE5A /* Resources */ = {
			isa = PBXResourcesBuildPhase;
			buildActionMask = 2147483647;
			files = (
			);
			runOnlyForDeploymentPostprocessing = 0;
		};
/* End PBXResourcesBuildPhase section */

/* Begin PBXSourcesBuildPhase section */
		7C73409E1DBF4D3000E4BE5A /* Sources */ = {
			isa = PBXSourcesBuildPhase;
			buildActionMask = 2147483647;
			files = (
				7C7340AD1DBF4D3000E4BE5A /* ViewController.m in Sources */,
				7C4A34B41DC0800200505A28 /* ViewController6.m in Sources */,
				7C7340DA1DC03D3000E4BE5A /* ViewController2.m in Sources */,
				7C7340AA1DBF4D3000E4BE5A /* AppDelegate.m in Sources */,
				7C7340A71DBF4D3000E4BE5A /* main.m in Sources */,
				7C4A34B11DC075A400505A28 /* ViewController5.m in Sources */,
				7C7340DD1DC0400D00E4BE5A /* ViewController3.m in Sources */,
				7C7340E01DC0645A00E4BE5A /* ViewController4.m in Sources */,
			);
			runOnlyForDeploymentPostprocessing = 0;
		};
		7C7340B71DBF4D3000E4BE5A /* Sources */ = {
			isa = PBXSourcesBuildPhase;
			buildActionMask = 2147483647;
			files = (
				7C7340C01DBF4D3000E4BE5A /* TabBarHomeworkTests.m in Sources */,
			);
			runOnlyForDeploymentPostprocessing = 0;
		};
		7C7340C21DBF4D3000E4BE5A /* Sources */ = {
			isa = PBXSourcesBuildPhase;
			buildActionMask = 2147483647;
			files = (
				7C7340CB1DBF4D3000E4BE5A /* TabBarHomeworkUITests.m in Sources */,
			);
			runOnlyForDeploymentPostprocessing = 0;
		};
/* End PBXSourcesBuildPhase section */

/* Begin PBXTargetDependency section */
		7C7340BD1DBF4D3000E4BE5A /* PBXTargetDependency */ = {
			isa = PBXTargetDependency;
			target = 7C7340A11DBF4D3000E4BE5A /* TabBarHomework */;
			targetProxy = 7C7340BC1DBF4D3000E4BE5A /* PBXContainerItemProxy */;
		};
		7C7340C81DBF4D3000E4BE5A /* PBXTargetDependency */ = {
			isa = PBXTargetDependency;
			target = 7C7340A11DBF4D3000E4BE5A /* TabBarHomework */;
			targetProxy = 7C7340C71DBF4D3000E4BE5A /* PBXContainerItemProxy */;
		};
/* End PBXTargetDependency section */

/* Begin PBXVariantGroup section */
		7C7340AE1DBF4D3000E4BE5A /* Main.storyboard */ = {
			isa = PBXVariantGroup;
			children = (
				7C7340AF1DBF4D3000E4BE5A /* Base */,
			);
			name = Main.storyboard;
			sourceTree = "<group>";
		};
		7C7340B31DBF4D3000E4BE5A /* LaunchScreen.storyboard */ = {
			isa = PBXVariantGroup;
			children = (
				7C7340B41DBF4D3000E4BE5A /* Base */,
			);
			name = LaunchScreen.storyboard;
			sourceTree = "<group>";
		};
/* End PBXVariantGroup section */

/* Begin XCBuildConfiguration section */
		7C7340CD1DBF4D3000E4BE5A /* Debug */ = {
			isa = XCBuildConfiguration;
			buildSettings = {
				ALWAYS_SEARCH_USER_PATHS = NO;
				CLANG_ANALYZER_NONNULL = YES;
				CLANG_CXX_LANGUAGE_STANDARD = "gnu++0x";
				CLANG_CXX_LIBRARY = "libc++";
				CLANG_ENABLE_MODULES = YES;
				CLANG_ENABLE_OBJC_ARC = YES;
				CLANG_WARN_BOOL_CONVERSION = YES;
				CLANG_WARN_CONSTANT_CONVERSION = YES;
				CLANG_WARN_DIRECT_OBJC_ISA_USAGE = YES_ERROR;
				CLANG_WARN_DOCUMENTATION_COMMENTS = YES;
				CLANG_WARN_EMPTY_BODY = YES;
				CLANG_WARN_ENUM_CONVERSION = YES;
				CLANG_WARN_INFINITE_RECURSION = YES;
				CLANG_WARN_INT_CONVERSION = YES;
				CLANG_WARN_OBJC_ROOT_CLASS = YES_ERROR;
				CLANG_WARN_SUSPICIOUS_MOVES = YES;
				CLANG_WARN_UNREACHABLE_CODE = YES;
				CLANG_WARN__DUPLICATE_METHOD_MATCH = YES;
				"CODE_SIGN_IDENTITY[sdk=iphoneos*]" = "iPhone Developer";
				COPY_PHASE_STRIP = NO;
				DEBUG_INFORMATION_FORMAT = dwarf;
				ENABLE_STRICT_OBJC_MSGSEND = YES;
				ENABLE_TESTABILITY = YES;
				GCC_C_LANGUAGE_STANDARD = gnu99;
				GCC_DYNAMIC_NO_PIC = NO;
				GCC_NO_COMMON_BLOCKS = YES;
				GCC_OPTIMIZATION_LEVEL = 0;
				GCC_PREPROCESSOR_DEFINITIONS = (
					"DEBUG=1",
					"$(inherited)",
				);
				GCC_WARN_64_TO_32_BIT_CONVERSION = YES;
				GCC_WARN_ABOUT_RETURN_TYPE = YES_ERROR;
				GCC_WARN_UNDECLARED_SELECTOR = YES;
				GCC_WARN_UNINITIALIZED_AUTOS = YES_AGGRESSIVE;
				GCC_WARN_UNUSED_FUNCTION = YES;
				GCC_WARN_UNUSED_VARIABLE = YES;
				IPHONEOS_DEPLOYMENT_TARGET = 10.0;
				MTL_ENABLE_DEBUG_INFO = YES;
				ONLY_ACTIVE_ARCH = YES;
				SDKROOT = iphoneos;
			};
			name = Debug;
		};
		7C7340CE1DBF4D3000E4BE5A /* Release */ = {
			isa = XCBuildConfiguration;
			buildSettings = {
				ALWAYS_SEARCH_USER_PATHS = NO;
				CLANG_ANALYZER_NONNULL = YES;
				CLANG_CXX_LANGUAGE_STANDARD = "gnu++0x";
				CLANG_CXX_LIBRARY = "libc++";
				CLANG_ENABLE_MODULES = YES;
				CLANG_ENABLE_OBJC_ARC = YES;
				CLANG_WARN_BOOL_CONVERSION = YES;
				CLANG_WARN_CONSTANT_CONVERSION = YES;
				CLANG_WARN_DIRECT_OBJC_ISA_USAGE = YES_ERROR;
				CLANG_WARN_DOCUMENTATION_COMMENTS = YES;
				CLANG_WARN_EMPTY_BODY = YES;
				CLANG_WARN_ENUM_CONVERSION = YES;
				CLANG_WARN_INFINITE_RECURSION = YES;
				CLANG_WARN_INT_CONVERSION = YES;
				CLANG_WARN_OBJC_ROOT_CLASS = YES_ERROR;
				CLANG_WARN_SUSPICIOUS_MOVES = YES;
				CLANG_WARN_UNREACHABLE_CODE = YES;
				CLANG_WARN__DUPLICATE_METHOD_MATCH = YES;
				"CODE_SIGN_IDENTITY[sdk=iphoneos*]" = "iPhone Developer";
				COPY_PHASE_STRIP = NO;
				DEBUG_INFORMATION_FORMAT = "dwarf-with-dsym";
				ENABLE_NS_ASSERTIONS = NO;
				ENABLE_STRICT_OBJC_MSGSEND = YES;
				GCC_C_LANGUAGE_STANDARD = gnu99;
				GCC_NO_COMMON_BLOCKS = YES;
				GCC_WARN_64_TO_32_BIT_CONVERSION = YES;
				GCC_WARN_ABOUT_RETURN_TYPE = YES_ERROR;
				GCC_WARN_UNDECLARED_SELECTOR = YES;
				GCC_WARN_UNINITIALIZED_AUTOS = YES_AGGRESSIVE;
				GCC_WARN_UNUSED_FUNCTION = YES;
				GCC_WARN_UNUSED_VARIABLE = YES;
				IPHONEOS_DEPLOYMENT_TARGET = 10.0;
				MTL_ENABLE_DEBUG_INFO = NO;
				SDKROOT = iphoneos;
				VALIDATE_PRODUCT = YES;
			};
			name = Release;
		};
		7C7340D01DBF4D3000E4BE5A /* Debug */ = {
			isa = XCBuildConfiguration;
			buildSettings = {
				ASSETCATALOG_COMPILER_APPICON_NAME = AppIcon;
				INFOPLIST_FILE = TabBarHomework/Info.plist;
				LD_RUNPATH_SEARCH_PATHS = "$(inherited) @executable_path/Frameworks";
				PRODUCT_BUNDLE_IDENTIFIER = com.easyspub.TabBarHomework;
				PRODUCT_NAME = "$(TARGET_NAME)";
			};
			name = Debug;
		};
		7C7340D11DBF4D3000E4BE5A /* Release */ = {
			isa = XCBuildConfiguration;
			buildSettings = {
				ASSETCATALOG_COMPILER_APPICON_NAME = AppIcon;
				INFOPLIST_FILE = TabBarHomework/Info.plist;
				LD_RUNPATH_SEARCH_PATHS = "$(inherited) @executable_path/Frameworks";
				PRODUCT_BUNDLE_IDENTIFIER = com.easyspub.TabBarHomework;
				PRODUCT_NAME = "$(TARGET_NAME)";
			};
			name = Release;
		};
		7C7340D31DBF4D3000E4BE5A /* Debug */ = {
			isa = XCBuildConfiguration;
			buildSettings = {
				BUNDLE_LOADER = "$(TEST_HOST)";
				INFOPLIST_FILE = TabBarHomeworkTests/Info.plist;
				LD_RUNPATH_SEARCH_PATHS = "$(inherited) @executable_path/Frameworks @loader_path/Frameworks";
				PRODUCT_BUNDLE_IDENTIFIER = com.easyspub.TabBarHomeworkTests;
				PRODUCT_NAME = "$(TARGET_NAME)";
				TEST_HOST = "$(BUILT_PRODUCTS_DIR)/TabBarHomework.app/TabBarHomework";
			};
			name = Debug;
		};
		7C7340D41DBF4D3000E4BE5A /* Release */ = {
			isa = XCBuildConfiguration;
			buildSettings = {
				BUNDLE_LOADER = "$(TEST_HOST)";
				INFOPLIST_FILE = TabBarHomeworkTests/Info.plist;
				LD_RUNPATH_SEARCH_PATHS = "$(inherited) @executable_path/Frameworks @loader_path/Frameworks";
				PRODUCT_BUNDLE_IDENTIFIER = com.easyspub.TabBarHomeworkTests;
				PRODUCT_NAME = "$(TARGET_NAME)";
				TEST_HOST = "$(BUILT_PRODUCTS_DIR)/TabBarHomework.app/TabBarHomework";
			};
			name = Release;
		};
		7C7340D61DBF4D3000E4BE5A /* Debug */ = {
			isa = XCBuildConfiguration;
			buildSettings = {
				INFOPLIST_FILE = TabBarHomeworkUITests/Info.plist;
				LD_RUNPATH_SEARCH_PATHS = "$(inherited) @executable_path/Frameworks @loader_path/Frameworks";
				PRODUCT_BUNDLE_IDENTIFIER = com.easyspub.TabBarHomeworkUITests;
				PRODUCT_NAME = "$(TARGET_NAME)";
				TEST_TARGET_NAME = TabBarHomework;
			};
			name = Debug;
		};
		7C7340D71DBF4D3000E4BE5A /* Release */ = {
			isa = XCBuildConfiguration;
			buildSettings = {
				INFOPLIST_FILE = TabBarHomeworkUITests/Info.plist;
				LD_RUNPATH_SEARCH_PATHS = "$(inherited) @executable_path/Frameworks @loader_path/Frameworks";
				PRODUCT_BUNDLE_IDENTIFIER = com.easyspub.TabBarHomeworkUITests;
				PRODUCT_NAME = "$(TARGET_NAME)";
				TEST_TARGET_NAME = TabBarHomework;
			};
			name = Release;
		};
/* End XCBuildConfiguration section */

/* Begin XCConfigurationList section */
		7C73409D1DBF4D3000E4BE5A /* Build configuration list for PBXProject "TabBarHomework" */ = {
			isa = XCConfigurationList;
			buildConfigurations = (
				7C7340CD1DBF4D3000E4BE5A /* Debug */,
				7C7340CE1DBF4D3000E4BE5A /* Release */,
			);
			defaultConfigurationIsVisible = 0;
			defaultConfigurationName = Release;
		};
		7C7340CF1DBF4D3000E4BE5A /* Build configuration list for PBXNativeTarget "TabBarHomework" */ = {
			isa = XCConfigurationList;
			buildConfigurations = (
				7C7340D01DBF4D3000E4BE5A /* Debug */,
				7C7340D11DBF4D3000E4BE5A /* Release */,
			);
			defaultConfigurationIsVisible = 0;
			defaultConfigurationName = Release;
		};
		7C7340D21DBF4D3000E4BE5A /* Build configuration list for PBXNativeTarget "TabBarHomeworkTests" */ = {
			isa = XCConfigurationList;
			buildConfigurations = (
				7C7340D31DBF4D3000E4BE5A /* Debug */,
				7C7340D41DBF4D3000E4BE5A /* Release */,
			);
			defaultConfigurationIsVisible = 0;
			defaultConfigurationName = Release;
		};
		7C7340D51DBF4D3000E4BE5A /* Build configuration list for PBXNativeTarget "TabBarHomeworkUITests" */ = {
			isa = XCConfigurationList;
			buildConfigurations = (
				7C7340D61DBF4D3000E4BE5A /* Debug */,
				7C7340D71DBF4D3000E4BE5A /* Release */,
			);
			defaultConfigurationIsVisible = 0;
			defaultConfigurationName = Release;
		};
/* End XCConfigurationList section */
	};
	rootObject = 7C73409A1DBF4D3000E4BE5A /* Project object */;
}
