// !$*UTF8*$!
{
	archiveVersion = 1;
	classes = {
	};
	objectVersion = 46;
	objects = {

/* Begin PBXBuildFile section */
		7CB80D791DC7603A00FF817D /* main.m in Sources */ = {isa = PBXBuildFile; fileRef = 7CB80D781DC7603A00FF817D /* main.m */; };
		7CB80D7C1DC7603A00FF817D /* AppDelegate.m in Sources */ = {isa = PBXBuildFile; fileRef = 7CB80D7B1DC7603A00FF817D /* AppDelegate.m */; };
		7CB80D7F1DC7603A00FF817D /* ViewController.m in Sources */ = {isa = PBXBuildFile; fileRef = 7CB80D7E1DC7603A00FF817D /* ViewController.m */; };
		7CB80D821DC7603A00FF817D /* Main.storyboard in Resources */ = {isa = PBXBuildFile; fileRef = 7CB80D801DC7603A00FF817D /* Main.storyboard */; };
		7CB80D841DC7603A00FF817D /* Assets.xcassets in Resources */ = {isa = PBXBuildFile; fileRef = 7CB80D831DC7603A00FF817D /* Assets.xcassets */; };
		7CB80D871DC7603A00FF817D /* LaunchScreen.storyboard in Resources */ = {isa = PBXBuildFile; fileRef = 7CB80D851DC7603A00FF817D /* LaunchScreen.storyboard */; };
		7CB80D921DC7603A00FF817D /* CustomNotofication1031Tests.m in Sources */ = {isa = PBXBuildFile; fileRef = 7CB80D911DC7603A00FF817D /* CustomNotofication1031Tests.m */; };
		7CB80D9D1DC7603A00FF817D /* CustomNotofication1031UITests.m in Sources */ = {isa = PBXBuildFile; fileRef = 7CB80D9C1DC7603A00FF817D /* CustomNotofication1031UITests.m */; };
		7CB80DAD1DC7621900FF817D /* ColoredLabel.m in Sources */ = {isa = PBXBuildFile; fileRef = 7CB80DAC1DC7621900FF817D /* ColoredLabel.m */; };
		7CB80DB01DC7623500FF817D /* SettingViewController.m in Sources */ = {isa = PBXBuildFile; fileRef = 7CB80DAF1DC7623500FF817D /* SettingViewController.m */; };
/* End PBXBuildFile section */

/* Begin PBXContainerItemProxy section */
		7CB80D8E1DC7603A00FF817D /* PBXContainerItemProxy */ = {
			isa = PBXContainerItemProxy;
			containerPortal = 7CB80D6C1DC7603A00FF817D /* Project object */;
			proxyType = 1;
			remoteGlobalIDString = 7CB80D731DC7603A00FF817D;
			remoteInfo = CustomNotofication1031;
		};
		7CB80D991DC7603A00FF817D /* PBXContainerItemProxy */ = {
			isa = PBXContainerItemProxy;
			containerPortal = 7CB80D6C1DC7603A00FF817D /* Project object */;
			proxyType = 1;
			remoteGlobalIDString = 7CB80D731DC7603A00FF817D;
			remoteInfo = CustomNotofication1031;
		};
/* End PBXContainerItemProxy section */

/* Begin PBXFileReference section */
		7CB80D741DC7603A00FF817D /* CustomNotofication1031.app */ = {isa = PBXFileReference; explicitFileType = wrapper.application; includeInIndex = 0; path = CustomNotofication1031.app; sourceTree = BUILT_PRODUCTS_DIR; };
		7CB80D781DC7603A00FF817D /* main.m */ = {isa = PBXFileReference; lastKnownFileType = sourcecode.c.objc; path = main.m; sourceTree = "<group>"; };
		7CB80D7A1DC7603A00FF817D /* AppDelegate.h */ = {isa = PBXFileReference; lastKnownFileType = sourcecode.c.h; path = AppDelegate.h; sourceTree = "<group>"; };
		7CB80D7B1DC7603A00FF817D /* AppDelegate.m */ = {isa = PBXFileReference; lastKnownFileType = sourcecode.c.objc; path = AppDelegate.m; sourceTree = "<group>"; };
		7CB80D7D1DC7603A00FF817D /* ViewController.h */ = {isa = PBXFileReference; lastKnownFileType = sourcecode.c.h; path = ViewController.h; sourceTree = "<group>"; };
		7CB80D7E1DC7603A00FF817D /* ViewController.m */ = {isa = PBXFileReference; lastKnownFileType = sourcecode.c.objc; path = ViewController.m; sourceTree = "<group>"; };
		7CB80D811DC7603A00FF817D /* Base */ = {isa = PBXFileReference; lastKnownFileType = file.storyboard; name = Base; path = Base.lproj/Main.storyboard; sourceTree = "<group>"; };
		7CB80D831DC7603A00FF817D /* Assets.xcassets */ = {isa = PBXFileReference; lastKnownFileType = folder.assetcatalog; path = Assets.xcassets; sourceTree = "<group>"; };
		7CB80D861DC7603A00FF817D /* Base */ = {isa = PBXFileReference; lastKnownFileType = file.storyboard; name = Base; path = Base.lproj/LaunchScreen.storyboard; sourceTree = "<group>"; };
		7CB80D881DC7603A00FF817D /* Info.plist */ = {isa = PBXFileReference; lastKnownFileType = text.plist.xml; path = Info.plist; sourceTree = "<group>"; };
		7CB80D8D1DC7603A00FF817D /* CustomNotofication1031Tests.xctest */ = {isa = PBXFileReference; explicitFileType = wrapper.cfbundle; includeInIndex = 0; path = CustomNotofication1031Tests.xctest; sourceTree = BUILT_PRODUCTS_DIR; };
		7CB80D911DC7603A00FF817D /* CustomNotofication1031Tests.m */ = {isa = PBXFileReference; lastKnownFileType = sourcecode.c.objc; path = CustomNotofication1031Tests.m; sourceTree = "<group>"; };
		7CB80D931DC7603A00FF817D /* Info.plist */ = {isa = PBXFileReference; lastKnownFileType = text.plist.xml; path = Info.plist; sourceTree = "<group>"; };
		7CB80D981DC7603A00FF817D /* CustomNotofication1031UITests.xctest */ = {isa = PBXFileReference; explicitFileType = wrapper.cfbundle; includeInIndex = 0; path = CustomNotofication1031UITests.xctest; sourceTree = BUILT_PRODUCTS_DIR; };
		7CB80D9C1DC7603A00FF817D /* CustomNotofication1031UITests.m */ = {isa = PBXFileReference; lastKnownFileType = sourcecode.c.objc; path = CustomNotofication1031UITests.m; sourceTree = "<group>"; };
		7CB80D9E1DC7603A00FF817D /* Info.plist */ = {isa = PBXFileReference; lastKnownFileType = text.plist.xml; path = Info.plist; sourceTree = "<group>"; };
		7CB80DAA1DC7609500FF817D /* PrefixHeader.pch */ = {isa = PBXFileReference; fileEncoding = 4; lastKnownFileType = sourcecode.c.h; path = PrefixHeader.pch; sourceTree = "<group>"; };
		7CB80DAB1DC7621900FF817D /* ColoredLabel.h */ = {isa = PBXFileReference; fileEncoding = 4; lastKnownFileType = sourcecode.c.h; path = ColoredLabel.h; sourceTree = "<group>"; };
		7CB80DAC1DC7621900FF817D /* ColoredLabel.m */ = {isa = PBXFileReference; fileEncoding = 4; lastKnownFileType = sourcecode.c.objc; path = ColoredLabel.m; sourceTree = "<group>"; };
		7CB80DAE1DC7623500FF817D /* SettingViewController.h */ = {isa = PBXFileReference; fileEncoding = 4; lastKnownFileType = sourcecode.c.h; path = SettingViewController.h; sourceTree = "<group>"; };
		7CB80DAF1DC7623500FF817D /* SettingViewController.m */ = {isa = PBXFileReference; fileEncoding = 4; lastKnownFileType = sourcecode.c.objc; path = SettingViewController.m; sourceTree = "<group>"; };
/* End PBXFileReference section */

/* Begin PBXFrameworksBuildPhase section */
		7CB80D711DC7603A00FF817D /* Frameworks */ = {
			isa = PBXFrameworksBuildPhase;
			buildActionMask = 2147483647;
			files = (
			);
			runOnlyForDeploymentPostprocessing = 0;
		};
		7CB80D8A1DC7603A00FF817D /* Frameworks */ = {
			isa = PBXFrameworksBuildPhase;
			buildActionMask = 2147483647;
			files = (
			);
			runOnlyForDeploymentPostprocessing = 0;
		};
		7CB80D951DC7603A00FF817D /* Frameworks */ = {
			isa = PBXFrameworksBuildPhase;
			buildActionMask = 2147483647;
			files = (
			);
			runOnlyForDeploymentPostprocessing = 0;
		};
/* End PBXFrameworksBuildPhase section */

/* Begin PBXGroup section */
		7CB80D6B1DC7603A00FF817D = {
			isa = PBXGroup;
			children = (
				7CB80D761DC7603A00FF817D /* CustomNotofication1031 */,
				7CB80D901DC7603A00FF817D /* CustomNotofication1031Tests */,
				7CB80D9B1DC7603A00FF817D /* CustomNotofication1031UITests */,
				7CB80D751DC7603A00FF817D /* Products */,
			);
			sourceTree = "<group>";
		};
		7CB80D751DC7603A00FF817D /* Products */ = {
			isa = PBXGroup;
			children = (
				7CB80D741DC7603A00FF817D /* CustomNotofication1031.app */,
				7CB80D8D1DC7603A00FF817D /* CustomNotofication1031Tests.xctest */,
				7CB80D981DC7603A00FF817D /* CustomNotofication1031UITests.xctest */,
			);
			name = Products;
			sourceTree = "<group>";
		};
		7CB80D761DC7603A00FF817D /* CustomNotofication1031 */ = {
			isa = PBXGroup;
			children = (
				7CB80D7A1DC7603A00FF817D /* AppDelegate.h */,
				7CB80D7B1DC7603A00FF817D /* AppDelegate.m */,
				7CB80D7D1DC7603A00FF817D /* ViewController.h */,
				7CB80D7E1DC7603A00FF817D /* ViewController.m */,
				7CB80DAE1DC7623500FF817D /* SettingViewController.h */,
				7CB80DAF1DC7623500FF817D /* SettingViewController.m */,
				7CB80DAB1DC7621900FF817D /* ColoredLabel.h */,
				7CB80DAC1DC7621900FF817D /* ColoredLabel.m */,
				7CB80D801DC7603A00FF817D /* Main.storyboard */,
				7CB80D831DC7603A00FF817D /* Assets.xcassets */,
				7CB80D851DC7603A00FF817D /* LaunchScreen.storyboard */,
				7CB80D881DC7603A00FF817D /* Info.plist */,
				7CB80DAA1DC7609500FF817D /* PrefixHeader.pch */,
				7CB80D771DC7603A00FF817D /* Supporting Files */,
			);
			path = CustomNotofication1031;
			sourceTree = "<group>";
		};
		7CB80D771DC7603A00FF817D /* Supporting Files */ = {
			isa = PBXGroup;
			children = (
				7CB80D781DC7603A00FF817D /* main.m */,
			);
			name = "Supporting Files";
			sourceTree = "<group>";
		};
		7CB80D901DC7603A00FF817D /* CustomNotofication1031Tests */ = {
			isa = PBXGroup;
			children = (
				7CB80D911DC7603A00FF817D /* CustomNotofication1031Tests.m */,
				7CB80D931DC7603A00FF817D /* Info.plist */,
			);
			path = CustomNotofication1031Tests;
			sourceTree = "<group>";
		};
		7CB80D9B1DC7603A00FF817D /* CustomNotofication1031UITests */ = {
			isa = PBXGroup;
			children = (
				7CB80D9C1DC7603A00FF817D /* CustomNotofication1031UITests.m */,
				7CB80D9E1DC7603A00FF817D /* Info.plist */,
			);
			path = CustomNotofication1031UITests;
			sourceTree = "<group>";
		};
/* End PBXGroup section */

/* Begin PBXNativeTarget section */
		7CB80D731DC7603A00FF817D /* CustomNotofication1031 */ = {
			isa = PBXNativeTarget;
			buildConfigurationList = 7CB80DA11DC7603A00FF817D /* Build configuration list for PBXNativeTarget "CustomNotofication1031" */;
			buildPhases = (
				7CB80D701DC7603A00FF817D /* Sources */,
				7CB80D711DC7603A00FF817D /* Frameworks */,
				7CB80D721DC7603A00FF817D /* Resources */,
			);
			buildRules = (
			);
			dependencies = (
			);
			name = CustomNotofication1031;
			productName = CustomNotofication1031;
			productReference = 7CB80D741DC7603A00FF817D /* CustomNotofication1031.app */;
			productType = "com.apple.product-type.application";
		};
		7CB80D8C1DC7603A00FF817D /* CustomNotofication1031Tests */ = {
			isa = PBXNativeTarget;
			buildConfigurationList = 7CB80DA41DC7603A00FF817D /* Build configuration list for PBXNativeTarget "CustomNotofication1031Tests" */;
			buildPhases = (
				7CB80D891DC7603A00FF817D /* Sources */,
				7CB80D8A1DC7603A00FF817D /* Frameworks */,
				7CB80D8B1DC7603A00FF817D /* Resources */,
			);
			buildRules = (
			);
			dependencies = (
				7CB80D8F1DC7603A00FF817D /* PBXTargetDependency */,
			);
			name = CustomNotofication1031Tests;
			productName = CustomNotofication1031Tests;
			productReference = 7CB80D8D1DC7603A00FF817D /* CustomNotofication1031Tests.xctest */;
			productType = "com.apple.product-type.bundle.unit-test";
		};
		7CB80D971DC7603A00FF817D /* CustomNotofication1031UITests */ = {
			isa = PBXNativeTarget;
			buildConfigurationList = 7CB80DA71DC7603A00FF817D /* Build configuration list for PBXNativeTarget "CustomNotofication1031UITests" */;
			buildPhases = (
				7CB80D941DC7603A00FF817D /* Sources */,
				7CB80D951DC7603A00FF817D /* Frameworks */,
				7CB80D961DC7603A00FF817D /* Resources */,
			);
			buildRules = (
			);
			dependencies = (
				7CB80D9A1DC7603A00FF817D /* PBXTargetDependency */,
			);
			name = CustomNotofication1031UITests;
			productName = CustomNotofication1031UITests;
			productReference = 7CB80D981DC7603A00FF817D /* CustomNotofication1031UITests.xctest */;
			productType = "com.apple.product-type.bundle.ui-testing";
		};
/* End PBXNativeTarget section */

/* Begin PBXProject section */
		7CB80D6C1DC7603A00FF817D /* Project object */ = {
			isa = PBXProject;
			attributes = {
				LastUpgradeCheck = 0810;
				ORGANIZATIONNAME = Yang;
				TargetAttributes = {
					7CB80D731DC7603A00FF817D = {
						CreatedOnToolsVersion = 8.1;
						ProvisioningStyle = Automatic;
					};
					7CB80D8C1DC7603A00FF817D = {
						CreatedOnToolsVersion = 8.1;
						ProvisioningStyle = Automatic;
						TestTargetID = 7CB80D731DC7603A00FF817D;
					};
					7CB80D971DC7603A00FF817D = {
						CreatedOnToolsVersion = 8.1;
						ProvisioningStyle = Automatic;
						TestTargetID = 7CB80D731DC7603A00FF817D;
					};
				};
			};
			buildConfigurationList = 7CB80D6F1DC7603A00FF817D /* Build configuration list for PBXProject "CustomNotofication1031" */;
			compatibilityVersion = "Xcode 3.2";
			developmentRegion = English;
			hasScannedForEncodings = 0;
			knownRegions = (
				en,
				Base,
			);
			mainGroup = 7CB80D6B1DC7603A00FF817D;
			productRefGroup = 7CB80D751DC7603A00FF817D /* Products */;
			projectDirPath = "";
			projectRoot = "";
			targets = (
				7CB80D731DC7603A00FF817D /* CustomNotofication1031 */,
				7CB80D8C1DC7603A00FF817D /* CustomNotofication1031Tests */,
				7CB80D971DC7603A00FF817D /* CustomNotofication1031UITests */,
			);
		};
/* End PBXProject section */

/* Begin PBXResourcesBuildPhase section */
		7CB80D721DC7603A00FF817D /* Resources */ = {
			isa = PBXResourcesBuildPhase;
			buildActionMask = 2147483647;
			files = (
				7CB80D871DC7603A00FF817D /* LaunchScreen.storyboard in Resources */,
				7CB80D841DC7603A00FF817D /* Assets.xcassets in Resources */,
				7CB80D821DC7603A00FF817D /* Main.storyboard in Resources */,
			);
			runOnlyForDeploymentPostprocessing = 0;
		};
		7CB80D8B1DC7603A00FF817D /* Resources */ = {
			isa = PBXResourcesBuildPhase;
			buildActionMask = 2147483647;
			files = (
			);
			runOnlyForDeploymentPostprocessing = 0;
		};
		7CB80D961DC7603A00FF817D /* Resources */ = {
			isa = PBXResourcesBuildPhase;
			buildActionMask = 2147483647;
			files = (
			);
			runOnlyForDeploymentPostprocessing = 0;
		};
/* End PBXResourcesBuildPhase section */

/* Begin PBXSourcesBuildPhase section */
		7CB80D701DC7603A00FF817D /* Sources */ = {
			isa = PBXSourcesBuildPhase;
			buildActionMask = 2147483647;
			files = (
				7CB80D7F1DC7603A00FF817D /* ViewController.m in Sources */,
				7CB80DAD1DC7621900FF817D /* ColoredLabel.m in Sources */,
				7CB80D7C1DC7603A00FF817D /* AppDelegate.m in Sources */,
				7CB80D791DC7603A00FF817D /* main.m in Sources */,
				7CB80DB01DC7623500FF817D /* SettingViewController.m in Sources */,
			);
			runOnlyForDeploymentPostprocessing = 0;
		};
		7CB80D891DC7603A00FF817D /* Sources */ = {
			isa = PBXSourcesBuildPhase;
			buildActionMask = 2147483647;
			files = (
				7CB80D921DC7603A00FF817D /* CustomNotofication1031Tests.m in Sources */,
			);
			runOnlyForDeploymentPostprocessing = 0;
		};
		7CB80D941DC7603A00FF817D /* Sources */ = {
			isa = PBXSourcesBuildPhase;
			buildActionMask = 2147483647;
			files = (
				7CB80D9D1DC7603A00FF817D /* CustomNotofication1031UITests.m in Sources */,
			);
			runOnlyForDeploymentPostprocessing = 0;
		};
/* End PBXSourcesBuildPhase section */

/* Begin PBXTargetDependency section */
		7CB80D8F1DC7603A00FF817D /* PBXTargetDependency */ = {
			isa = PBXTargetDependency;
			target = 7CB80D731DC7603A00FF817D /* CustomNotofication1031 */;
			targetProxy = 7CB80D8E1DC7603A00FF817D /* PBXContainerItemProxy */;
		};
		7CB80D9A1DC7603A00FF817D /* PBXTargetDependency */ = {
			isa = PBXTargetDependency;
			target = 7CB80D731DC7603A00FF817D /* CustomNotofication1031 */;
			targetProxy = 7CB80D991DC7603A00FF817D /* PBXContainerItemProxy */;
		};
/* End PBXTargetDependency section */

/* Begin PBXVariantGroup section */
		7CB80D801DC7603A00FF817D /* Main.storyboard */ = {
			isa = PBXVariantGroup;
			children = (
				7CB80D811DC7603A00FF817D /* Base */,
			);
			name = Main.storyboard;
			sourceTree = "<group>";
		};
		7CB80D851DC7603A00FF817D /* LaunchScreen.storyboard */ = {
			isa = PBXVariantGroup;
			children = (
				7CB80D861DC7603A00FF817D /* Base */,
			);
			name = LaunchScreen.storyboard;
			sourceTree = "<group>";
		};
/* End PBXVariantGroup section */

/* Begin XCBuildConfiguration section */
		7CB80D9F1DC7603A00FF817D /* Debug */ = {
			isa = XCBuildConfiguration;
			buildSettings = {
				ALWAYS_SEARCH_USER_PATHS = NO;
				CLANG_ANALYZER_NONNULL = YES;
				CLANG_CXX_LANGUAGE_STANDARD = "gnu++0x";
				CLANG_CXX_LIBRARY = "libc++";
				CLANG_ENABLE_MODULES = YES;
				CLANG_ENABLE_OBJC_ARC = YES;
				CLANG_WARN_BOOL_CONVERSION = YES;
				CLANG_WARN_CONSTANT_CONVERSION = YES;
				CLANG_WARN_DIRECT_OBJC_ISA_USAGE = YES_ERROR;
				CLANG_WARN_DOCUMENTATION_COMMENTS = YES;
				CLANG_WARN_EMPTY_BODY = YES;
				CLANG_WARN_ENUM_CONVERSION = YES;
				CLANG_WARN_INFINITE_RECURSION = YES;
				CLANG_WARN_INT_CONVERSION = YES;
				CLANG_WARN_OBJC_ROOT_CLASS = YES_ERROR;
				CLANG_WARN_SUSPICIOUS_MOVES = YES;
				CLANG_WARN_UNREACHABLE_CODE = YES;
				CLANG_WARN__DUPLICATE_METHOD_MATCH = YES;
				"CODE_SIGN_IDENTITY[sdk=iphoneos*]" = "iPhone Developer";
				COPY_PHASE_STRIP = NO;
				DEBUG_INFORMATION_FORMAT = dwarf;
				ENABLE_STRICT_OBJC_MSGSEND = YES;
				ENABLE_TESTABILITY = YES;
				GCC_C_LANGUAGE_STANDARD = gnu99;
				GCC_DYNAMIC_NO_PIC = NO;
				GCC_NO_COMMON_BLOCKS = YES;
				GCC_OPTIMIZATION_LEVEL = 0;
				GCC_PREPROCESSOR_DEFINITIONS = (
					"DEBUG=1",
					"$(inherited)",
				);
				GCC_WARN_64_TO_32_BIT_CONVERSION = YES;
				GCC_WARN_ABOUT_RETURN_TYPE = YES_ERROR;
				GCC_WARN_UNDECLARED_SELECTOR = YES;
				GCC_WARN_UNINITIALIZED_AUTOS = YES_AGGRESSIVE;
				GCC_WARN_UNUSED_FUNCTION = YES;
				GCC_WARN_UNUSED_VARIABLE = YES;
				IPHONEOS_DEPLOYMENT_TARGET = 10.1;
				MTL_ENABLE_DEBUG_INFO = YES;
				ONLY_ACTIVE_ARCH = YES;
				SDKROOT = iphoneos;
			};
			name = Debug;
		};
		7CB80DA01DC7603A00FF817D /* Release */ = {
			isa = XCBuildConfiguration;
			buildSettings = {
				ALWAYS_SEARCH_USER_PATHS = NO;
				CLANG_ANALYZER_NONNULL = YES;
				CLANG_CXX_LANGUAGE_STANDARD = "gnu++0x";
				CLANG_CXX_LIBRARY = "libc++";
				CLANG_ENABLE_MODULES = YES;
				CLANG_ENABLE_OBJC_ARC = YES;
				CLANG_WARN_BOOL_CONVERSION = YES;
				CLANG_WARN_CONSTANT_CONVERSION = YES;
				CLANG_WARN_DIRECT_OBJC_ISA_USAGE = YES_ERROR;
				CLANG_WARN_DOCUMENTATION_COMMENTS = YES;
				CLANG_WARN_EMPTY_BODY = YES;
				CLANG_WARN_ENUM_CONVERSION = YES;
				CLANG_WARN_INFINITE_RECURSION = YES;
				CLANG_WARN_INT_CONVERSION = YES;
				CLANG_WARN_OBJC_ROOT_CLASS = YES_ERROR;
				CLANG_WARN_SUSPICIOUS_MOVES = YES;
				CLANG_WARN_UNREACHABLE_CODE = YES;
				CLANG_WARN__DUPLICATE_METHOD_MATCH = YES;
				"CODE_SIGN_IDENTITY[sdk=iphoneos*]" = "iPhone Developer";
				COPY_PHASE_STRIP = NO;
				DEBUG_INFORMATION_FORMAT = "dwarf-with-dsym";
				ENABLE_NS_ASSERTIONS = NO;
				ENABLE_STRICT_OBJC_MSGSEND = YES;
				GCC_C_LANGUAGE_STANDARD = gnu99;
				GCC_NO_COMMON_BLOCKS = YES;
				GCC_WARN_64_TO_32_BIT_CONVERSION = YES;
				GCC_WARN_ABOUT_RETURN_TYPE = YES_ERROR;
				GCC_WARN_UNDECLARED_SELECTOR = YES;
				GCC_WARN_UNINITIALIZED_AUTOS = YES_AGGRESSIVE;
				GCC_WARN_UNUSED_FUNCTION = YES;
				GCC_WARN_UNUSED_VARIABLE = YES;
				IPHONEOS_DEPLOYMENT_TARGET = 10.1;
				MTL_ENABLE_DEBUG_INFO = NO;
				SDKROOT = iphoneos;
				VALIDATE_PRODUCT = YES;
			};
			name = Release;
		};
		7CB80DA21DC7603A00FF817D /* Debug */ = {
			isa = XCBuildConfiguration;
			buildSettings = {
				ASSETCATALOG_COMPILER_APPICON_NAME = AppIcon;
				GCC_PRECOMPILE_PREFIX_HEADER = YES;
				GCC_PREFIX_HEADER = "$(SRCROOT)/$(PRODUCT_NAME)/PrefixHeader.pch";
				INFOPLIST_FILE = CustomNotofication1031/Info.plist;
				LD_RUNPATH_SEARCH_PATHS = "$(inherited) @executable_path/Frameworks";
				PRODUCT_BUNDLE_IDENTIFIER = com.easyspub.CustomNotofication1031;
				PRODUCT_NAME = "$(TARGET_NAME)";
			};
			name = Debug;
		};
		7CB80DA31DC7603A00FF817D /* Release */ = {
			isa = XCBuildConfiguration;
			buildSettings = {
				ASSETCATALOG_COMPILER_APPICON_NAME = AppIcon;
				GCC_PRECOMPILE_PREFIX_HEADER = YES;
				GCC_PREFIX_HEADER = "$(SRCROOT)/$(PRODUCT_NAME)/PrefixHeader.pch";
				INFOPLIST_FILE = CustomNotofication1031/Info.plist;
				LD_RUNPATH_SEARCH_PATHS = "$(inherited) @executable_path/Frameworks";
				PRODUCT_BUNDLE_IDENTIFIER = com.easyspub.CustomNotofication1031;
				PRODUCT_NAME = "$(TARGET_NAME)";
			};
			name = Release;
		};
		7CB80DA51DC7603A00FF817D /* Debug */ = {
			isa = XCBuildConfiguration;
			buildSettings = {
				BUNDLE_LOADER = "$(TEST_HOST)";
				INFOPLIST_FILE = CustomNotofication1031Tests/Info.plist;
				LD_RUNPATH_SEARCH_PATHS = "$(inherited) @executable_path/Frameworks @loader_path/Frameworks";
				PRODUCT_BUNDLE_IDENTIFIER = com.easyspub.CustomNotofication1031Tests;
				PRODUCT_NAME = "$(TARGET_NAME)";
				TEST_HOST = "$(BUILT_PRODUCTS_DIR)/CustomNotofication1031.app/CustomNotofication1031";
			};
			name = Debug;
		};
		7CB80DA61DC7603A00FF817D /* Release */ = {
			isa = XCBuildConfiguration;
			buildSettings = {
				BUNDLE_LOADER = "$(TEST_HOST)";
				INFOPLIST_FILE = CustomNotofication1031Tests/Info.plist;
				LD_RUNPATH_SEARCH_PATHS = "$(inherited) @executable_path/Frameworks @loader_path/Frameworks";
				PRODUCT_BUNDLE_IDENTIFIER = com.easyspub.CustomNotofication1031Tests;
				PRODUCT_NAME = "$(TARGET_NAME)";
				TEST_HOST = "$(BUILT_PRODUCTS_DIR)/CustomNotofication1031.app/CustomNotofication1031";
			};
			name = Release;
		};
		7CB80DA81DC7603A00FF817D /* Debug */ = {
			isa = XCBuildConfiguration;
			buildSettings = {
				INFOPLIST_FILE = CustomNotofication1031UITests/Info.plist;
				LD_RUNPATH_SEARCH_PATHS = "$(inherited) @executable_path/Frameworks @loader_path/Frameworks";
				PRODUCT_BUNDLE_IDENTIFIER = com.easyspub.CustomNotofication1031UITests;
				PRODUCT_NAME = "$(TARGET_NAME)";
				TEST_TARGET_NAME = CustomNotofication1031;
			};
			name = Debug;
		};
		7CB80DA91DC7603A00FF817D /* Release */ = {
			isa = XCBuildConfiguration;
			buildSettings = {
				INFOPLIST_FILE = CustomNotofication1031UITests/Info.plist;
				LD_RUNPATH_SEARCH_PATHS = "$(inherited) @executable_path/Frameworks @loader_path/Frameworks";
				PRODUCT_BUNDLE_IDENTIFIER = com.easyspub.CustomNotofication1031UITests;
				PRODUCT_NAME = "$(TARGET_NAME)";
				TEST_TARGET_NAME = CustomNotofication1031;
			};
			name = Release;
		};
/* End XCBuildConfiguration section */

/* Begin XCConfigurationList section */
		7CB80D6F1DC7603A00FF817D /* Build configuration list for PBXProject "CustomNotofication1031" */ = {
			isa = XCConfigurationList;
			buildConfigurations = (
				7CB80D9F1DC7603A00FF817D /* Debug */,
				7CB80DA01DC7603A00FF817D /* Release */,
			);
			defaultConfigurationIsVisible = 0;
			defaultConfigurationName = Release;
		};
		7CB80DA11DC7603A00FF817D /* Build configuration list for PBXNativeTarget "CustomNotofication1031" */ = {
			isa = XCConfigurationList;
			buildConfigurations = (
				7CB80DA21DC7603A00FF817D /* Debug */,
				7CB80DA31DC7603A00FF817D /* Release */,
			);
			defaultConfigurationIsVisible = 0;
			defaultConfigurationName = Release;
		};
		7CB80DA41DC7603A00FF817D /* Build configuration list for PBXNativeTarget "CustomNotofication1031Tests" */ = {
			isa = XCConfigurationList;
			buildConfigurations = (
				7CB80DA51DC7603A00FF817D /* Debug */,
				7CB80DA61DC7603A00FF817D /* Release */,
			);
			defaultConfigurationIsVisible = 0;
			defaultConfigurationName = Release;
		};
		7CB80DA71DC7603A00FF817D /* Build configuration list for PBXNativeTarget "CustomNotofication1031UITests" */ = {
			isa = XCConfigurationList;
			buildConfigurations = (
				7CB80DA81DC7603A00FF817D /* Debug */,
				7CB80DA91DC7603A00FF817D /* Release */,
			);
			defaultConfigurationIsVisible = 0;
			defaultConfigurationName = Release;
		};
/* End XCConfigurationList section */
	};
	rootObject = 7CB80D6C1DC7603A00FF817D /* Project object */;
}
