// !$*UTF8*$!
{
	archiveVersion = 1;
	classes = {
	};
	objectVersion = 46;
	objects = {

/* Begin PBXBuildFile section */
		7CFC2CFE1D9E1CB70028797D /* main.m in Sources */ = {isa = PBXBuildFile; fileRef = 7CFC2CFD1D9E1CB70028797D /* main.m */; };
		7CFC2D011D9E1CB70028797D /* AppDelegate.m in Sources */ = {isa = PBXBuildFile; fileRef = 7CFC2D001D9E1CB70028797D /* AppDelegate.m */; };
		7CFC2D041D9E1CB70028797D /* ViewController.m in Sources */ = {isa = PBXBuildFile; fileRef = 7CFC2D031D9E1CB70028797D /* ViewController.m */; };
		7CFC2D071D9E1CB70028797D /* Main.storyboard in Resources */ = {isa = PBXBuildFile; fileRef = 7CFC2D051D9E1CB70028797D /* Main.storyboard */; };
		7CFC2D091D9E1CB70028797D /* Assets.xcassets in Resources */ = {isa = PBXBuildFile; fileRef = 7CFC2D081D9E1CB70028797D /* Assets.xcassets */; };
		7CFC2D0C1D9E1CB70028797D /* LaunchScreen.storyboard in Resources */ = {isa = PBXBuildFile; fileRef = 7CFC2D0A1D9E1CB70028797D /* LaunchScreen.storyboard */; };
/* End PBXBuildFile section */

/* Begin PBXFileReference section */
		7CFC2CF91D9E1CB70028797D /* Class0930.app */ = {isa = PBXFileReference; explicitFileType = wrapper.application; includeInIndex = 0; path = Class0930.app; sourceTree = BUILT_PRODUCTS_DIR; };
		7CFC2CFD1D9E1CB70028797D /* main.m */ = {isa = PBXFileReference; lastKnownFileType = sourcecode.c.objc; path = main.m; sourceTree = "<group>"; };
		7CFC2CFF1D9E1CB70028797D /* AppDelegate.h */ = {isa = PBXFileReference; lastKnownFileType = sourcecode.c.h; path = AppDelegate.h; sourceTree = "<group>"; };
		7CFC2D001D9E1CB70028797D /* AppDelegate.m */ = {isa = PBXFileReference; lastKnownFileType = sourcecode.c.objc; path = AppDelegate.m; sourceTree = "<group>"; };
		7CFC2D021D9E1CB70028797D /* ViewController.h */ = {isa = PBXFileReference; lastKnownFileType = sourcecode.c.h; path = ViewController.h; sourceTree = "<group>"; };
		7CFC2D031D9E1CB70028797D /* ViewController.m */ = {isa = PBXFileReference; lastKnownFileType = sourcecode.c.objc; path = ViewController.m; sourceTree = "<group>"; };
		7CFC2D061D9E1CB70028797D /* Base */ = {isa = PBXFileReference; lastKnownFileType = file.storyboard; name = Base; path = Base.lproj/Main.storyboard; sourceTree = "<group>"; };
		7CFC2D081D9E1CB70028797D /* Assets.xcassets */ = {isa = PBXFileReference; lastKnownFileType = folder.assetcatalog; path = Assets.xcassets; sourceTree = "<group>"; };
		7CFC2D0B1D9E1CB70028797D /* Base */ = {isa = PBXFileReference; lastKnownFileType = file.storyboard; name = Base; path = Base.lproj/LaunchScreen.storyboard; sourceTree = "<group>"; };
		7CFC2D0D1D9E1CB70028797D /* Info.plist */ = {isa = PBXFileReference; lastKnownFileType = text.plist.xml; path = Info.plist; sourceTree = "<group>"; };
/* End PBXFileReference section */

/* Begin PBXFrameworksBuildPhase section */
		7CFC2CF61D9E1CB70028797D /* Frameworks */ = {
			isa = PBXFrameworksBuildPhase;
			buildActionMask = 2147483647;
			files = (
			);
			runOnlyForDeploymentPostprocessing = 0;
		};
/* End PBXFrameworksBuildPhase section */

/* Begin PBXGroup section */
		7CFC2CF01D9E1CB70028797D = {
			isa = PBXGroup;
			children = (
				7CFC2CFB1D9E1CB70028797D /* Class0930 */,
				7CFC2CFA1D9E1CB70028797D /* Products */,
			);
			sourceTree = "<group>";
		};
		7CFC2CFA1D9E1CB70028797D /* Products */ = {
			isa = PBXGroup;
			children = (
				7CFC2CF91D9E1CB70028797D /* Class0930.app */,
			);
			name = Products;
			sourceTree = "<group>";
		};
		7CFC2CFB1D9E1CB70028797D /* Class0930 */ = {
			isa = PBXGroup;
			children = (
				7CFC2CFF1D9E1CB70028797D /* AppDelegate.h */,
				7CFC2D001D9E1CB70028797D /* AppDelegate.m */,
				7CFC2D021D9E1CB70028797D /* ViewController.h */,
				7CFC2D031D9E1CB70028797D /* ViewController.m */,
				7CFC2D051D9E1CB70028797D /* Main.storyboard */,
				7CFC2D081D9E1CB70028797D /* Assets.xcassets */,
				7CFC2D0A1D9E1CB70028797D /* LaunchScreen.storyboard */,
				7CFC2D0D1D9E1CB70028797D /* Info.plist */,
				7CFC2CFC1D9E1CB70028797D /* Supporting Files */,
			);
			path = Class0930;
			sourceTree = "<group>";
		};
		7CFC2CFC1D9E1CB70028797D /* Supporting Files */ = {
			isa = PBXGroup;
			children = (
				7CFC2CFD1D9E1CB70028797D /* main.m */,
			);
			name = "Supporting Files";
			sourceTree = "<group>";
		};
/* End PBXGroup section */

/* Begin PBXNativeTarget section */
		7CFC2CF81D9E1CB70028797D /* Class0930 */ = {
			isa = PBXNativeTarget;
			buildConfigurationList = 7CFC2D101D9E1CB70028797D /* Build configuration list for PBXNativeTarget "Class0930" */;
			buildPhases = (
				7CFC2CF51D9E1CB70028797D /* Sources */,
				7CFC2CF61D9E1CB70028797D /* Frameworks */,
				7CFC2CF71D9E1CB70028797D /* Resources */,
			);
			buildRules = (
			);
			dependencies = (
			);
			name = Class0930;
			productName = Class0930;
			productReference = 7CFC2CF91D9E1CB70028797D /* Class0930.app */;
			productType = "com.apple.product-type.application";
		};
/* End PBXNativeTarget section */

/* Begin PBXProject section */
		7CFC2CF11D9E1CB70028797D /* Project object */ = {
			isa = PBXProject;
			attributes = {
				LastUpgradeCheck = 0800;
				ORGANIZATIONNAME = Yang;
				TargetAttributes = {
					7CFC2CF81D9E1CB70028797D = {
						CreatedOnToolsVersion = 8.0;
						ProvisioningStyle = Automatic;
					};
				};
			};
			buildConfigurationList = 7CFC2CF41D9E1CB70028797D /* Build configuration list for PBXProject "Class0930" */;
			compatibilityVersion = "Xcode 3.2";
			developmentRegion = English;
			hasScannedForEncodings = 0;
			knownRegions = (
				en,
				Base,
			);
			mainGroup = 7CFC2CF01D9E1CB70028797D;
			productRefGroup = 7CFC2CFA1D9E1CB70028797D /* Products */;
			projectDirPath = "";
			projectRoot = "";
			targets = (
				7CFC2CF81D9E1CB70028797D /* Class0930 */,
			);
		};
/* End PBXProject section */

/* Begin PBXResourcesBuildPhase section */
		7CFC2CF71D9E1CB70028797D /* Resources */ = {
			isa = PBXResourcesBuildPhase;
			buildActionMask = 2147483647;
			files = (
				7CFC2D0C1D9E1CB70028797D /* LaunchScreen.storyboard in Resources */,
				7CFC2D091D9E1CB70028797D /* Assets.xcassets in Resources */,
				7CFC2D071D9E1CB70028797D /* Main.storyboard in Resources */,
			);
			runOnlyForDeploymentPostprocessing = 0;
		};
/* End PBXResourcesBuildPhase section */

/* Begin PBXSourcesBuildPhase section */
		7CFC2CF51D9E1CB70028797D /* Sources */ = {
			isa = PBXSourcesBuildPhase;
			buildActionMask = 2147483647;
			files = (
				7CFC2D041D9E1CB70028797D /* ViewController.m in Sources */,
				7CFC2D011D9E1CB70028797D /* AppDelegate.m in Sources */,
				7CFC2CFE1D9E1CB70028797D /* main.m in Sources */,
			);
			runOnlyForDeploymentPostprocessing = 0;
		};
/* End PBXSourcesBuildPhase section */

/* Begin PBXVariantGroup section */
		7CFC2D051D9E1CB70028797D /* Main.storyboard */ = {
			isa = PBXVariantGroup;
			children = (
				7CFC2D061D9E1CB70028797D /* Base */,
			);
			name = Main.storyboard;
			sourceTree = "<group>";
		};
		7CFC2D0A1D9E1CB70028797D /* LaunchScreen.storyboard */ = {
			isa = PBXVariantGroup;
			children = (
				7CFC2D0B1D9E1CB70028797D /* Base */,
			);
			name = LaunchScreen.storyboard;
			sourceTree = "<group>";
		};
/* End PBXVariantGroup section */

/* Begin XCBuildConfiguration section */
		7CFC2D0E1D9E1CB70028797D /* Debug */ = {
			isa = XCBuildConfiguration;
			buildSettings = {
				ALWAYS_SEARCH_USER_PATHS = NO;
				CLANG_ANALYZER_NONNULL = YES;
				CLANG_CXX_LANGUAGE_STANDARD = "gnu++0x";
				CLANG_CXX_LIBRARY = "libc++";
				CLANG_ENABLE_MODULES = YES;
				CLANG_ENABLE_OBJC_ARC = YES;
				CLANG_WARN_BOOL_CONVERSION = YES;
				CLANG_WARN_CONSTANT_CONVERSION = YES;
				CLANG_WARN_DIRECT_OBJC_ISA_USAGE = YES_ERROR;
				CLANG_WARN_DOCUMENTATION_COMMENTS = YES;
				CLANG_WARN_EMPTY_BODY = YES;
				CLANG_WARN_ENUM_CONVERSION = YES;
				CLANG_WARN_INFINITE_RECURSION = YES;
				CLANG_WARN_INT_CONVERSION = YES;
				CLANG_WARN_OBJC_ROOT_CLASS = YES_ERROR;
				CLANG_WARN_SUSPICIOUS_MOVES = YES;
				CLANG_WARN_UNREACHABLE_CODE = YES;
				CLANG_WARN__DUPLICATE_METHOD_MATCH = YES;
				"CODE_SIGN_IDENTITY[sdk=iphoneos*]" = "iPhone Developer";
				COPY_PHASE_STRIP = NO;
				DEBUG_INFORMATION_FORMAT = dwarf;
				ENABLE_STRICT_OBJC_MSGSEND = YES;
				ENABLE_TESTABILITY = YES;
				GCC_C_LANGUAGE_STANDARD = gnu99;
				GCC_DYNAMIC_NO_PIC = NO;
				GCC_NO_COMMON_BLOCKS = YES;
				GCC_OPTIMIZATION_LEVEL = 0;
				GCC_PREPROCESSOR_DEFINITIONS = (
					"DEBUG=1",
					"$(inherited)",
				);
				GCC_WARN_64_TO_32_BIT_CONVERSION = YES;
				GCC_WARN_ABOUT_RETURN_TYPE = YES_ERROR;
				GCC_WARN_UNDECLARED_SELECTOR = YES;
				GCC_WARN_UNINITIALIZED_AUTOS = YES_AGGRESSIVE;
				GCC_WARN_UNUSED_FUNCTION = YES;
				GCC_WARN_UNUSED_VARIABLE = YES;
				IPHONEOS_DEPLOYMENT_TARGET = 10.0;
				MTL_ENABLE_DEBUG_INFO = YES;
				ONLY_ACTIVE_ARCH = YES;
				SDKROOT = iphoneos;
			};
			name = Debug;
		};
		7CFC2D0F1D9E1CB70028797D /* Release */ = {
			isa = XCBuildConfiguration;
			buildSettings = {
				ALWAYS_SEARCH_USER_PATHS = NO;
				CLANG_ANALYZER_NONNULL = YES;
				CLANG_CXX_LANGUAGE_STANDARD = "gnu++0x";
				CLANG_CXX_LIBRARY = "libc++";
				CLANG_ENABLE_MODULES = YES;
				CLANG_ENABLE_OBJC_ARC = YES;
				CLANG_WARN_BOOL_CONVERSION = YES;
				CLANG_WARN_CONSTANT_CONVERSION = YES;
				CLANG_WARN_DIRECT_OBJC_ISA_USAGE = YES_ERROR;
				CLANG_WARN_DOCUMENTATION_COMMENTS = YES;
				CLANG_WARN_EMPTY_BODY = YES;
				CLANG_WARN_ENUM_CONVERSION = YES;
				CLANG_WARN_INFINITE_RECURSION = YES;
				CLANG_WARN_INT_CONVERSION = YES;
				CLANG_WARN_OBJC_ROOT_CLASS = YES_ERROR;
				CLANG_WARN_SUSPICIOUS_MOVES = YES;
				CLANG_WARN_UNREACHABLE_CODE = YES;
				CLANG_WARN__DUPLICATE_METHOD_MATCH = YES;
				"CODE_SIGN_IDENTITY[sdk=iphoneos*]" = "iPhone Developer";
				COPY_PHASE_STRIP = NO;
				DEBUG_INFORMATION_FORMAT = "dwarf-with-dsym";
				ENABLE_NS_ASSERTIONS = NO;
				ENABLE_STRICT_OBJC_MSGSEND = YES;
				GCC_C_LANGUAGE_STANDARD = gnu99;
				GCC_NO_COMMON_BLOCKS = YES;
				GCC_WARN_64_TO_32_BIT_CONVERSION = YES;
				GCC_WARN_ABOUT_RETURN_TYPE = YES_ERROR;
				GCC_WARN_UNDECLARED_SELECTOR = YES;
				GCC_WARN_UNINITIALIZED_AUTOS = YES_AGGRESSIVE;
				GCC_WARN_UNUSED_FUNCTION = YES;
				GCC_WARN_UNUSED_VARIABLE = YES;
				IPHONEOS_DEPLOYMENT_TARGET = 10.0;
				MTL_ENABLE_DEBUG_INFO = NO;
				SDKROOT = iphoneos;
				VALIDATE_PRODUCT = YES;
			};
			name = Release;
		};
		7CFC2D111D9E1CB70028797D /* Debug */ = {
			isa = XCBuildConfiguration;
			buildSettings = {
				ASSETCATALOG_COMPILER_APPICON_NAME = AppIcon;
				INFOPLIST_FILE = Class0930/Info.plist;
				LD_RUNPATH_SEARCH_PATHS = "$(inherited) @executable_path/Frameworks";
				PRODUCT_BUNDLE_IDENTIFIER = com.easyspub.Class0930;
				PRODUCT_NAME = "$(TARGET_NAME)";
			};
			name = Debug;
		};
		7CFC2D121D9E1CB70028797D /* Release */ = {
			isa = XCBuildConfiguration;
			buildSettings = {
				ASSETCATALOG_COMPILER_APPICON_NAME = AppIcon;
				INFOPLIST_FILE = Class0930/Info.plist;
				LD_RUNPATH_SEARCH_PATHS = "$(inherited) @executable_path/Frameworks";
				PRODUCT_BUNDLE_IDENTIFIER = com.easyspub.Class0930;
				PRODUCT_NAME = "$(TARGET_NAME)";
			};
			name = Release;
		};
/* End XCBuildConfiguration section */

/* Begin XCConfigurationList section */
		7CFC2CF41D9E1CB70028797D /* Build configuration list for PBXProject "Class0930" */ = {
			isa = XCConfigurationList;
			buildConfigurations = (
				7CFC2D0E1D9E1CB70028797D /* Debug */,
				7CFC2D0F1D9E1CB70028797D /* Release */,
			);
			defaultConfigurationIsVisible = 0;
			defaultConfigurationName = Release;
		};
		7CFC2D101D9E1CB70028797D /* Build configuration list for PBXNativeTarget "Class0930" */ = {
			isa = XCConfigurationList;
			buildConfigurations = (
				7CFC2D111D9E1CB70028797D /* Debug */,
				7CFC2D121D9E1CB70028797D /* Release */,
			);
			defaultConfigurationIsVisible = 0;
		};
/* End XCConfigurationList section */
	};
	rootObject = 7CFC2CF11D9E1CB70028797D /* Project object */;
}
