// !$*UTF8*$!
{
	archiveVersion = 1;
	classes = {
	};
	objectVersion = 46;
	objects = {

/* Begin PBXBuildFile section */
		7CE9D7891DB0C98400184E7C /* main.m in Sources */ = {isa = PBXBuildFile; fileRef = 7CE9D7881DB0C98400184E7C /* main.m */; };
		7CE9D78C1DB0C98400184E7C /* AppDelegate.m in Sources */ = {isa = PBXBuildFile; fileRef = 7CE9D78B1DB0C98400184E7C /* AppDelegate.m */; };
		7CE9D78F1DB0C98400184E7C /* ViewController.m in Sources */ = {isa = PBXBuildFile; fileRef = 7CE9D78E1DB0C98400184E7C /* ViewController.m */; };
		7CE9D7921DB0C98400184E7C /* Main.storyboard in Resources */ = {isa = PBXBuildFile; fileRef = 7CE9D7901DB0C98400184E7C /* Main.storyboard */; };
		7CE9D7941DB0C98400184E7C /* Assets.xcassets in Resources */ = {isa = PBXBuildFile; fileRef = 7CE9D7931DB0C98400184E7C /* Assets.xcassets */; };
		7CE9D7971DB0C98400184E7C /* LaunchScreen.storyboard in Resources */ = {isa = PBXBuildFile; fileRef = 7CE9D7951DB0C98400184E7C /* LaunchScreen.storyboard */; };
		7CE9D7A21DB0C98400184E7C /* _014customViewTests.m in Sources */ = {isa = PBXBuildFile; fileRef = 7CE9D7A11DB0C98400184E7C /* _014customViewTests.m */; };
		7CE9D7AD1DB0C98400184E7C /* _014customViewUITests.m in Sources */ = {isa = PBXBuildFile; fileRef = 7CE9D7AC1DB0C98400184E7C /* _014customViewUITests.m */; };
		7CE9D7BC1DB0CB4D00184E7C /* IdolCell.m in Sources */ = {isa = PBXBuildFile; fileRef = 7CE9D7BB1DB0CB4D00184E7C /* IdolCell.m */; };
		7CE9D7C01DB0D00100184E7C /* 블랙핑크2.jpg in Resources */ = {isa = PBXBuildFile; fileRef = 7CE9D7BD1DB0D00100184E7C /* 블랙핑크2.jpg */; };
		7CE9D7C11DB0D00100184E7C /* 블랙핑크3.jpeg in Resources */ = {isa = PBXBuildFile; fileRef = 7CE9D7BE1DB0D00100184E7C /* 블랙핑크3.jpeg */; };
		7CE9D7C21DB0D00100184E7C /* 블랙핑크4.jpg in Resources */ = {isa = PBXBuildFile; fileRef = 7CE9D7BF1DB0D00100184E7C /* 블랙핑크4.jpg */; };
		7CE9D7C41DB0D00E00184E7C /* 블랙핑크1.jpg in Resources */ = {isa = PBXBuildFile; fileRef = 7CE9D7C31DB0D00E00184E7C /* 블랙핑크1.jpg */; };
/* End PBXBuildFile section */

/* Begin PBXContainerItemProxy section */
		7CE9D79E1DB0C98400184E7C /* PBXContainerItemProxy */ = {
			isa = PBXContainerItemProxy;
			containerPortal = 7CE9D77C1DB0C98400184E7C /* Project object */;
			proxyType = 1;
			remoteGlobalIDString = 7CE9D7831DB0C98400184E7C;
			remoteInfo = 1014customView;
		};
		7CE9D7A91DB0C98400184E7C /* PBXContainerItemProxy */ = {
			isa = PBXContainerItemProxy;
			containerPortal = 7CE9D77C1DB0C98400184E7C /* Project object */;
			proxyType = 1;
			remoteGlobalIDString = 7CE9D7831DB0C98400184E7C;
			remoteInfo = 1014customView;
		};
/* End PBXContainerItemProxy section */

/* Begin PBXFileReference section */
		7CE9D7841DB0C98400184E7C /* 1014customView.app */ = {isa = PBXFileReference; explicitFileType = wrapper.application; includeInIndex = 0; path = 1014customView.app; sourceTree = BUILT_PRODUCTS_DIR; };
		7CE9D7881DB0C98400184E7C /* main.m */ = {isa = PBXFileReference; lastKnownFileType = sourcecode.c.objc; path = main.m; sourceTree = "<group>"; };
		7CE9D78A1DB0C98400184E7C /* AppDelegate.h */ = {isa = PBXFileReference; lastKnownFileType = sourcecode.c.h; path = AppDelegate.h; sourceTree = "<group>"; };
		7CE9D78B1DB0C98400184E7C /* AppDelegate.m */ = {isa = PBXFileReference; lastKnownFileType = sourcecode.c.objc; path = AppDelegate.m; sourceTree = "<group>"; };
		7CE9D78D1DB0C98400184E7C /* ViewController.h */ = {isa = PBXFileReference; lastKnownFileType = sourcecode.c.h; path = ViewController.h; sourceTree = "<group>"; };
		7CE9D78E1DB0C98400184E7C /* ViewController.m */ = {isa = PBXFileReference; lastKnownFileType = sourcecode.c.objc; path = ViewController.m; sourceTree = "<group>"; };
		7CE9D7911DB0C98400184E7C /* Base */ = {isa = PBXFileReference; lastKnownFileType = file.storyboard; name = Base; path = Base.lproj/Main.storyboard; sourceTree = "<group>"; };
		7CE9D7931DB0C98400184E7C /* Assets.xcassets */ = {isa = PBXFileReference; lastKnownFileType = folder.assetcatalog; path = Assets.xcassets; sourceTree = "<group>"; };
		7CE9D7961DB0C98400184E7C /* Base */ = {isa = PBXFileReference; lastKnownFileType = file.storyboard; name = Base; path = Base.lproj/LaunchScreen.storyboard; sourceTree = "<group>"; };
		7CE9D7981DB0C98400184E7C /* Info.plist */ = {isa = PBXFileReference; lastKnownFileType = text.plist.xml; path = Info.plist; sourceTree = "<group>"; };
		7CE9D79D1DB0C98400184E7C /* 1014customViewTests.xctest */ = {isa = PBXFileReference; explicitFileType = wrapper.cfbundle; includeInIndex = 0; path = 1014customViewTests.xctest; sourceTree = BUILT_PRODUCTS_DIR; };
		7CE9D7A11DB0C98400184E7C /* _014customViewTests.m */ = {isa = PBXFileReference; lastKnownFileType = sourcecode.c.objc; path = _014customViewTests.m; sourceTree = "<group>"; };
		7CE9D7A31DB0C98400184E7C /* Info.plist */ = {isa = PBXFileReference; lastKnownFileType = text.plist.xml; path = Info.plist; sourceTree = "<group>"; };
		7CE9D7A81DB0C98400184E7C /* 1014customViewUITests.xctest */ = {isa = PBXFileReference; explicitFileType = wrapper.cfbundle; includeInIndex = 0; path = 1014customViewUITests.xctest; sourceTree = BUILT_PRODUCTS_DIR; };
		7CE9D7AC1DB0C98400184E7C /* _014customViewUITests.m */ = {isa = PBXFileReference; lastKnownFileType = sourcecode.c.objc; path = _014customViewUITests.m; sourceTree = "<group>"; };
		7CE9D7AE1DB0C98400184E7C /* Info.plist */ = {isa = PBXFileReference; lastKnownFileType = text.plist.xml; path = Info.plist; sourceTree = "<group>"; };
		7CE9D7BA1DB0CB4D00184E7C /* IdolCell.h */ = {isa = PBXFileReference; fileEncoding = 4; lastKnownFileType = sourcecode.c.h; path = IdolCell.h; sourceTree = "<group>"; };
		7CE9D7BB1DB0CB4D00184E7C /* IdolCell.m */ = {isa = PBXFileReference; fileEncoding = 4; lastKnownFileType = sourcecode.c.objc; path = IdolCell.m; sourceTree = "<group>"; };
		7CE9D7BD1DB0D00100184E7C /* 블랙핑크2.jpg */ = {isa = PBXFileReference; lastKnownFileType = image.jpeg; name = "블랙핑크2.jpg"; path = "../../../../블랙핑크2.jpg"; sourceTree = "<group>"; };
		7CE9D7BE1DB0D00100184E7C /* 블랙핑크3.jpeg */ = {isa = PBXFileReference; lastKnownFileType = image.jpeg; name = "블랙핑크3.jpeg"; path = "../../../../블랙핑크3.jpeg"; sourceTree = "<group>"; };
		7CE9D7BF1DB0D00100184E7C /* 블랙핑크4.jpg */ = {isa = PBXFileReference; lastKnownFileType = image.jpeg; name = "블랙핑크4.jpg"; path = "../../../../블랙핑크4.jpg"; sourceTree = "<group>"; };
		7CE9D7C31DB0D00E00184E7C /* 블랙핑크1.jpg */ = {isa = PBXFileReference; lastKnownFileType = image.jpeg; name = "블랙핑크1.jpg"; path = "../../../../블랙핑크1.jpg"; sourceTree = "<group>"; };
/* End PBXFileReference section */

/* Begin PBXFrameworksBuildPhase section */
		7CE9D7811DB0C98400184E7C /* Frameworks */ = {
			isa = PBXFrameworksBuildPhase;
			buildActionMask = 2147483647;
			files = (
			);
			runOnlyForDeploymentPostprocessing = 0;
		};
		7CE9D79A1DB0C98400184E7C /* Frameworks */ = {
			isa = PBXFrameworksBuildPhase;
			buildActionMask = 2147483647;
			files = (
			);
			runOnlyForDeploymentPostprocessing = 0;
		};
		7CE9D7A51DB0C98400184E7C /* Frameworks */ = {
			isa = PBXFrameworksBuildPhase;
			buildActionMask = 2147483647;
			files = (
			);
			runOnlyForDeploymentPostprocessing = 0;
		};
/* End PBXFrameworksBuildPhase section */

/* Begin PBXGroup section */
		7CE9D77B1DB0C98400184E7C = {
			isa = PBXGroup;
			children = (
				7CE9D7861DB0C98400184E7C /* 1014customView */,
				7CE9D7A01DB0C98400184E7C /* 1014customViewTests */,
				7CE9D7AB1DB0C98400184E7C /* 1014customViewUITests */,
				7CE9D7851DB0C98400184E7C /* Products */,
			);
			sourceTree = "<group>";
		};
		7CE9D7851DB0C98400184E7C /* Products */ = {
			isa = PBXGroup;
			children = (
				7CE9D7841DB0C98400184E7C /* 1014customView.app */,
				7CE9D79D1DB0C98400184E7C /* 1014customViewTests.xctest */,
				7CE9D7A81DB0C98400184E7C /* 1014customViewUITests.xctest */,
			);
			name = Products;
			sourceTree = "<group>";
		};
		7CE9D7861DB0C98400184E7C /* 1014customView */ = {
			isa = PBXGroup;
			children = (
				7CE9D7BD1DB0D00100184E7C /* 블랙핑크2.jpg */,
				7CE9D7BE1DB0D00100184E7C /* 블랙핑크3.jpeg */,
				7CE9D7BF1DB0D00100184E7C /* 블랙핑크4.jpg */,
				7CE9D7C31DB0D00E00184E7C /* 블랙핑크1.jpg */,
				7CE9D78A1DB0C98400184E7C /* AppDelegate.h */,
				7CE9D78B1DB0C98400184E7C /* AppDelegate.m */,
				7CE9D78D1DB0C98400184E7C /* ViewController.h */,
				7CE9D78E1DB0C98400184E7C /* ViewController.m */,
				7CE9D7BA1DB0CB4D00184E7C /* IdolCell.h */,
				7CE9D7BB1DB0CB4D00184E7C /* IdolCell.m */,
				7CE9D7901DB0C98400184E7C /* Main.storyboard */,
				7CE9D7931DB0C98400184E7C /* Assets.xcassets */,
				7CE9D7951DB0C98400184E7C /* LaunchScreen.storyboard */,
				7CE9D7981DB0C98400184E7C /* Info.plist */,
				7CE9D7871DB0C98400184E7C /* Supporting Files */,
			);
			path = 1014customView;
			sourceTree = "<group>";
		};
		7CE9D7871DB0C98400184E7C /* Supporting Files */ = {
			isa = PBXGroup;
			children = (
				7CE9D7881DB0C98400184E7C /* main.m */,
			);
			name = "Supporting Files";
			sourceTree = "<group>";
		};
		7CE9D7A01DB0C98400184E7C /* 1014customViewTests */ = {
			isa = PBXGroup;
			children = (
				7CE9D7A11DB0C98400184E7C /* _014customViewTests.m */,
				7CE9D7A31DB0C98400184E7C /* Info.plist */,
			);
			path = 1014customViewTests;
			sourceTree = "<group>";
		};
		7CE9D7AB1DB0C98400184E7C /* 1014customViewUITests */ = {
			isa = PBXGroup;
			children = (
				7CE9D7AC1DB0C98400184E7C /* _014customViewUITests.m */,
				7CE9D7AE1DB0C98400184E7C /* Info.plist */,
			);
			path = 1014customViewUITests;
			sourceTree = "<group>";
		};
/* End PBXGroup section */

/* Begin PBXNativeTarget section */
		7CE9D7831DB0C98400184E7C /* 1014customView */ = {
			isa = PBXNativeTarget;
			buildConfigurationList = 7CE9D7B11DB0C98400184E7C /* Build configuration list for PBXNativeTarget "1014customView" */;
			buildPhases = (
				7CE9D7801DB0C98400184E7C /* Sources */,
				7CE9D7811DB0C98400184E7C /* Frameworks */,
				7CE9D7821DB0C98400184E7C /* Resources */,
			);
			buildRules = (
			);
			dependencies = (
			);
			name = 1014customView;
			productName = 1014customView;
			productReference = 7CE9D7841DB0C98400184E7C /* 1014customView.app */;
			productType = "com.apple.product-type.application";
		};
		7CE9D79C1DB0C98400184E7C /* 1014customViewTests */ = {
			isa = PBXNativeTarget;
			buildConfigurationList = 7CE9D7B41DB0C98400184E7C /* Build configuration list for PBXNativeTarget "1014customViewTests" */;
			buildPhases = (
				7CE9D7991DB0C98400184E7C /* Sources */,
				7CE9D79A1DB0C98400184E7C /* Frameworks */,
				7CE9D79B1DB0C98400184E7C /* Resources */,
			);
			buildRules = (
			);
			dependencies = (
				7CE9D79F1DB0C98400184E7C /* PBXTargetDependency */,
			);
			name = 1014customViewTests;
			productName = 1014customViewTests;
			productReference = 7CE9D79D1DB0C98400184E7C /* 1014customViewTests.xctest */;
			productType = "com.apple.product-type.bundle.unit-test";
		};
		7CE9D7A71DB0C98400184E7C /* 1014customViewUITests */ = {
			isa = PBXNativeTarget;
			buildConfigurationList = 7CE9D7B71DB0C98400184E7C /* Build configuration list for PBXNativeTarget "1014customViewUITests" */;
			buildPhases = (
				7CE9D7A41DB0C98400184E7C /* Sources */,
				7CE9D7A51DB0C98400184E7C /* Frameworks */,
				7CE9D7A61DB0C98400184E7C /* Resources */,
			);
			buildRules = (
			);
			dependencies = (
				7CE9D7AA1DB0C98400184E7C /* PBXTargetDependency */,
			);
			name = 1014customViewUITests;
			productName = 1014customViewUITests;
			productReference = 7CE9D7A81DB0C98400184E7C /* 1014customViewUITests.xctest */;
			productType = "com.apple.product-type.bundle.ui-testing";
		};
/* End PBXNativeTarget section */

/* Begin PBXProject section */
		7CE9D77C1DB0C98400184E7C /* Project object */ = {
			isa = PBXProject;
			attributes = {
				LastUpgradeCheck = 0800;
				ORGANIZATIONNAME = Yang;
				TargetAttributes = {
					7CE9D7831DB0C98400184E7C = {
						CreatedOnToolsVersion = 8.0;
						ProvisioningStyle = Automatic;
					};
					7CE9D79C1DB0C98400184E7C = {
						CreatedOnToolsVersion = 8.0;
						ProvisioningStyle = Automatic;
						TestTargetID = 7CE9D7831DB0C98400184E7C;
					};
					7CE9D7A71DB0C98400184E7C = {
						CreatedOnToolsVersion = 8.0;
						ProvisioningStyle = Automatic;
						TestTargetID = 7CE9D7831DB0C98400184E7C;
					};
				};
			};
			buildConfigurationList = 7CE9D77F1DB0C98400184E7C /* Build configuration list for PBXProject "1014customView" */;
			compatibilityVersion = "Xcode 3.2";
			developmentRegion = English;
			hasScannedForEncodings = 0;
			knownRegions = (
				en,
				Base,
			);
			mainGroup = 7CE9D77B1DB0C98400184E7C;
			productRefGroup = 7CE9D7851DB0C98400184E7C /* Products */;
			projectDirPath = "";
			projectRoot = "";
			targets = (
				7CE9D7831DB0C98400184E7C /* 1014customView */,
				7CE9D79C1DB0C98400184E7C /* 1014customViewTests */,
				7CE9D7A71DB0C98400184E7C /* 1014customViewUITests */,
			);
		};
/* End PBXProject section */

/* Begin PBXResourcesBuildPhase section */
		7CE9D7821DB0C98400184E7C /* Resources */ = {
			isa = PBXResourcesBuildPhase;
			buildActionMask = 2147483647;
			files = (
				7CE9D7971DB0C98400184E7C /* LaunchScreen.storyboard in Resources */,
				7CE9D7C41DB0D00E00184E7C /* 블랙핑크1.jpg in Resources */,
				7CE9D7C01DB0D00100184E7C /* 블랙핑크2.jpg in Resources */,
				7CE9D7941DB0C98400184E7C /* Assets.xcassets in Resources */,
				7CE9D7C11DB0D00100184E7C /* 블랙핑크3.jpeg in Resources */,
				7CE9D7921DB0C98400184E7C /* Main.storyboard in Resources */,
				7CE9D7C21DB0D00100184E7C /* 블랙핑크4.jpg in Resources */,
			);
			runOnlyForDeploymentPostprocessing = 0;
		};
		7CE9D79B1DB0C98400184E7C /* Resources */ = {
			isa = PBXResourcesBuildPhase;
			buildActionMask = 2147483647;
			files = (
			);
			runOnlyForDeploymentPostprocessing = 0;
		};
		7CE9D7A61DB0C98400184E7C /* Resources */ = {
			isa = PBXResourcesBuildPhase;
			buildActionMask = 2147483647;
			files = (
			);
			runOnlyForDeploymentPostprocessing = 0;
		};
/* End PBXResourcesBuildPhase section */

/* Begin PBXSourcesBuildPhase section */
		7CE9D7801DB0C98400184E7C /* Sources */ = {
			isa = PBXSourcesBuildPhase;
			buildActionMask = 2147483647;
			files = (
				7CE9D78F1DB0C98400184E7C /* ViewController.m in Sources */,
				7CE9D7BC1DB0CB4D00184E7C /* IdolCell.m in Sources */,
				7CE9D78C1DB0C98400184E7C /* AppDelegate.m in Sources */,
				7CE9D7891DB0C98400184E7C /* main.m in Sources */,
			);
			runOnlyForDeploymentPostprocessing = 0;
		};
		7CE9D7991DB0C98400184E7C /* Sources */ = {
			isa = PBXSourcesBuildPhase;
			buildActionMask = 2147483647;
			files = (
				7CE9D7A21DB0C98400184E7C /* _014customViewTests.m in Sources */,
			);
			runOnlyForDeploymentPostprocessing = 0;
		};
		7CE9D7A41DB0C98400184E7C /* Sources */ = {
			isa = PBXSourcesBuildPhase;
			buildActionMask = 2147483647;
			files = (
				7CE9D7AD1DB0C98400184E7C /* _014customViewUITests.m in Sources */,
			);
			runOnlyForDeploymentPostprocessing = 0;
		};
/* End PBXSourcesBuildPhase section */

/* Begin PBXTargetDependency section */
		7CE9D79F1DB0C98400184E7C /* PBXTargetDependency */ = {
			isa = PBXTargetDependency;
			target = 7CE9D7831DB0C98400184E7C /* 1014customView */;
			targetProxy = 7CE9D79E1DB0C98400184E7C /* PBXContainerItemProxy */;
		};
		7CE9D7AA1DB0C98400184E7C /* PBXTargetDependency */ = {
			isa = PBXTargetDependency;
			target = 7CE9D7831DB0C98400184E7C /* 1014customView */;
			targetProxy = 7CE9D7A91DB0C98400184E7C /* PBXContainerItemProxy */;
		};
/* End PBXTargetDependency section */

/* Begin PBXVariantGroup section */
		7CE9D7901DB0C98400184E7C /* Main.storyboard */ = {
			isa = PBXVariantGroup;
			children = (
				7CE9D7911DB0C98400184E7C /* Base */,
			);
			name = Main.storyboard;
			sourceTree = "<group>";
		};
		7CE9D7951DB0C98400184E7C /* LaunchScreen.storyboard */ = {
			isa = PBXVariantGroup;
			children = (
				7CE9D7961DB0C98400184E7C /* Base */,
			);
			name = LaunchScreen.storyboard;
			sourceTree = "<group>";
		};
/* End PBXVariantGroup section */

/* Begin XCBuildConfiguration section */
		7CE9D7AF1DB0C98400184E7C /* Debug */ = {
			isa = XCBuildConfiguration;
			buildSettings = {
				ALWAYS_SEARCH_USER_PATHS = NO;
				CLANG_ANALYZER_NONNULL = YES;
				CLANG_CXX_LANGUAGE_STANDARD = "gnu++0x";
				CLANG_CXX_LIBRARY = "libc++";
				CLANG_ENABLE_MODULES = YES;
				CLANG_ENABLE_OBJC_ARC = YES;
				CLANG_WARN_BOOL_CONVERSION = YES;
				CLANG_WARN_CONSTANT_CONVERSION = YES;
				CLANG_WARN_DIRECT_OBJC_ISA_USAGE = YES_ERROR;
				CLANG_WARN_DOCUMENTATION_COMMENTS = YES;
				CLANG_WARN_EMPTY_BODY = YES;
				CLANG_WARN_ENUM_CONVERSION = YES;
				CLANG_WARN_INFINITE_RECURSION = YES;
				CLANG_WARN_INT_CONVERSION = YES;
				CLANG_WARN_OBJC_ROOT_CLASS = YES_ERROR;
				CLANG_WARN_SUSPICIOUS_MOVES = YES;
				CLANG_WARN_UNREACHABLE_CODE = YES;
				CLANG_WARN__DUPLICATE_METHOD_MATCH = YES;
				"CODE_SIGN_IDENTITY[sdk=iphoneos*]" = "iPhone Developer";
				COPY_PHASE_STRIP = NO;
				DEBUG_INFORMATION_FORMAT = dwarf;
				ENABLE_STRICT_OBJC_MSGSEND = YES;
				ENABLE_TESTABILITY = YES;
				GCC_C_LANGUAGE_STANDARD = gnu99;
				GCC_DYNAMIC_NO_PIC = NO;
				GCC_NO_COMMON_BLOCKS = YES;
				GCC_OPTIMIZATION_LEVEL = 0;
				GCC_PREPROCESSOR_DEFINITIONS = (
					"DEBUG=1",
					"$(inherited)",
				);
				GCC_WARN_64_TO_32_BIT_CONVERSION = YES;
				GCC_WARN_ABOUT_RETURN_TYPE = YES_ERROR;
				GCC_WARN_UNDECLARED_SELECTOR = YES;
				GCC_WARN_UNINITIALIZED_AUTOS = YES_AGGRESSIVE;
				GCC_WARN_UNUSED_FUNCTION = YES;
				GCC_WARN_UNUSED_VARIABLE = YES;
				IPHONEOS_DEPLOYMENT_TARGET = 10.0;
				MTL_ENABLE_DEBUG_INFO = YES;
				ONLY_ACTIVE_ARCH = YES;
				SDKROOT = iphoneos;
			};
			name = Debug;
		};
		7CE9D7B01DB0C98400184E7C /* Release */ = {
			isa = XCBuildConfiguration;
			buildSettings = {
				ALWAYS_SEARCH_USER_PATHS = NO;
				CLANG_ANALYZER_NONNULL = YES;
				CLANG_CXX_LANGUAGE_STANDARD = "gnu++0x";
				CLANG_CXX_LIBRARY = "libc++";
				CLANG_ENABLE_MODULES = YES;
				CLANG_ENABLE_OBJC_ARC = YES;
				CLANG_WARN_BOOL_CONVERSION = YES;
				CLANG_WARN_CONSTANT_CONVERSION = YES;
				CLANG_WARN_DIRECT_OBJC_ISA_USAGE = YES_ERROR;
				CLANG_WARN_DOCUMENTATION_COMMENTS = YES;
				CLANG_WARN_EMPTY_BODY = YES;
				CLANG_WARN_ENUM_CONVERSION = YES;
				CLANG_WARN_INFINITE_RECURSION = YES;
				CLANG_WARN_INT_CONVERSION = YES;
				CLANG_WARN_OBJC_ROOT_CLASS = YES_ERROR;
				CLANG_WARN_SUSPICIOUS_MOVES = YES;
				CLANG_WARN_UNREACHABLE_CODE = YES;
				CLANG_WARN__DUPLICATE_METHOD_MATCH = YES;
				"CODE_SIGN_IDENTITY[sdk=iphoneos*]" = "iPhone Developer";
				COPY_PHASE_STRIP = NO;
				DEBUG_INFORMATION_FORMAT = "dwarf-with-dsym";
				ENABLE_NS_ASSERTIONS = NO;
				ENABLE_STRICT_OBJC_MSGSEND = YES;
				GCC_C_LANGUAGE_STANDARD = gnu99;
				GCC_NO_COMMON_BLOCKS = YES;
				GCC_WARN_64_TO_32_BIT_CONVERSION = YES;
				GCC_WARN_ABOUT_RETURN_TYPE = YES_ERROR;
				GCC_WARN_UNDECLARED_SELECTOR = YES;
				GCC_WARN_UNINITIALIZED_AUTOS = YES_AGGRESSIVE;
				GCC_WARN_UNUSED_FUNCTION = YES;
				GCC_WARN_UNUSED_VARIABLE = YES;
				IPHONEOS_DEPLOYMENT_TARGET = 10.0;
				MTL_ENABLE_DEBUG_INFO = NO;
				SDKROOT = iphoneos;
				VALIDATE_PRODUCT = YES;
			};
			name = Release;
		};
		7CE9D7B21DB0C98400184E7C /* Debug */ = {
			isa = XCBuildConfiguration;
			buildSettings = {
				ASSETCATALOG_COMPILER_APPICON_NAME = AppIcon;
				INFOPLIST_FILE = 1014customView/Info.plist;
				LD_RUNPATH_SEARCH_PATHS = "$(inherited) @executable_path/Frameworks";
				PRODUCT_BUNDLE_IDENTIFIER = "com.easyspub.-014customView";
				PRODUCT_NAME = "$(TARGET_NAME)";
			};
			name = Debug;
		};
		7CE9D7B31DB0C98400184E7C /* Release */ = {
			isa = XCBuildConfiguration;
			buildSettings = {
				ASSETCATALOG_COMPILER_APPICON_NAME = AppIcon;
				INFOPLIST_FILE = 1014customView/Info.plist;
				LD_RUNPATH_SEARCH_PATHS = "$(inherited) @executable_path/Frameworks";
				PRODUCT_BUNDLE_IDENTIFIER = "com.easyspub.-014customView";
				PRODUCT_NAME = "$(TARGET_NAME)";
			};
			name = Release;
		};
		7CE9D7B51DB0C98400184E7C /* Debug */ = {
			isa = XCBuildConfiguration;
			buildSettings = {
				BUNDLE_LOADER = "$(TEST_HOST)";
				INFOPLIST_FILE = 1014customViewTests/Info.plist;
				LD_RUNPATH_SEARCH_PATHS = "$(inherited) @executable_path/Frameworks @loader_path/Frameworks";
				PRODUCT_BUNDLE_IDENTIFIER = "com.easyspub.-014customViewTests";
				PRODUCT_NAME = "$(TARGET_NAME)";
				TEST_HOST = "$(BUILT_PRODUCTS_DIR)/1014customView.app/1014customView";
			};
			name = Debug;
		};
		7CE9D7B61DB0C98400184E7C /* Release */ = {
			isa = XCBuildConfiguration;
			buildSettings = {
				BUNDLE_LOADER = "$(TEST_HOST)";
				INFOPLIST_FILE = 1014customViewTests/Info.plist;
				LD_RUNPATH_SEARCH_PATHS = "$(inherited) @executable_path/Frameworks @loader_path/Frameworks";
				PRODUCT_BUNDLE_IDENTIFIER = "com.easyspub.-014customViewTests";
				PRODUCT_NAME = "$(TARGET_NAME)";
				TEST_HOST = "$(BUILT_PRODUCTS_DIR)/1014customView.app/1014customView";
			};
			name = Release;
		};
		7CE9D7B81DB0C98400184E7C /* Debug */ = {
			isa = XCBuildConfiguration;
			buildSettings = {
				INFOPLIST_FILE = 1014customViewUITests/Info.plist;
				LD_RUNPATH_SEARCH_PATHS = "$(inherited) @executable_path/Frameworks @loader_path/Frameworks";
				PRODUCT_BUNDLE_IDENTIFIER = "com.easyspub.-014customViewUITests";
				PRODUCT_NAME = "$(TARGET_NAME)";
				TEST_TARGET_NAME = 1014customView;
			};
			name = Debug;
		};
		7CE9D7B91DB0C98400184E7C /* Release */ = {
			isa = XCBuildConfiguration;
			buildSettings = {
				INFOPLIST_FILE = 1014customViewUITests/Info.plist;
				LD_RUNPATH_SEARCH_PATHS = "$(inherited) @executable_path/Frameworks @loader_path/Frameworks";
				PRODUCT_BUNDLE_IDENTIFIER = "com.easyspub.-014customViewUITests";
				PRODUCT_NAME = "$(TARGET_NAME)";
				TEST_TARGET_NAME = 1014customView;
			};
			name = Release;
		};
/* End XCBuildConfiguration section */

/* Begin XCConfigurationList section */
		7CE9D77F1DB0C98400184E7C /* Build configuration list for PBXProject "1014customView" */ = {
			isa = XCConfigurationList;
			buildConfigurations = (
				7CE9D7AF1DB0C98400184E7C /* Debug */,
				7CE9D7B01DB0C98400184E7C /* Release */,
			);
			defaultConfigurationIsVisible = 0;
			defaultConfigurationName = Release;
		};
		7CE9D7B11DB0C98400184E7C /* Build configuration list for PBXNativeTarget "1014customView" */ = {
			isa = XCConfigurationList;
			buildConfigurations = (
				7CE9D7B21DB0C98400184E7C /* Debug */,
				7CE9D7B31DB0C98400184E7C /* Release */,
			);
			defaultConfigurationIsVisible = 0;
		};
		7CE9D7B41DB0C98400184E7C /* Build configuration list for PBXNativeTarget "1014customViewTests" */ = {
			isa = XCConfigurationList;
			buildConfigurations = (
				7CE9D7B51DB0C98400184E7C /* Debug */,
				7CE9D7B61DB0C98400184E7C /* Release */,
			);
			defaultConfigurationIsVisible = 0;
		};
		7CE9D7B71DB0C98400184E7C /* Build configuration list for PBXNativeTarget "1014customViewUITests" */ = {
			isa = XCConfigurationList;
			buildConfigurations = (
				7CE9D7B81DB0C98400184E7C /* Debug */,
				7CE9D7B91DB0C98400184E7C /* Release */,
			);
			defaultConfigurationIsVisible = 0;
		};
/* End XCConfigurationList section */
	};
	rootObject = 7CE9D77C1DB0C98400184E7C /* Project object */;
}
